
Microsoft Visual Studio Solution File, Format Version 12.00
# Visual Studio 14
VisualStudioVersion = 14.0.25420.1
MinimumVisualStudioVersion = 10.0.40219.1
Project("{FAE04EC0-301F-11D3-BF4B-00C04F79EFBC}") = "ContentViews.Droid", "ContentViews\ContentViews.Droid\ContentViews.Droid.csproj", "{0862E070-061E-4F8D-A431-06462FF70566}"
EndProject
Project("{FAE04EC0-301F-11D3-BF4B-00C04F79EFBC}") = "ContentViews.iOS", "ContentViews\ContentViews.iOS\ContentViews.iOS.csproj", "{E86681E0-28A2-40FC-8C3B-83F42792BB5C}"
EndProject
Project("{FAE04EC0-301F-11D3-BF4B-00C04F79EFBC}") = "ContentViews.WinPhone", "ContentViews\ContentViews.WinPhone\ContentViews.WinPhone.csproj", "{08E3E62D-2EE8-44C6-837E-3E1093375A67}"
EndProject
Project("{FAE04EC0-301F-11D3-BF4B-00C04F79EFBC}") = "ContentViews.UWP", "ContentViews\ContentViews.UWP\ContentViews.UWP.csproj", "{6E386AF4-0A19-43E1-BF30-7D4957E3FA79}"
EndProject
Project("{FAE04EC0-301F-11D3-BF4B-00C04F79EFBC}") = "ContentViews.Windows", "ContentViews\ContentViews.Windows\ContentViews.Windows.csproj", "{2C3F0CF4-3536-4576-9DE4-B3897E78475C}"
EndProject
Project("{FAE04EC0-301F-11D3-BF4B-00C04F79EFBC}") = "ContentViews", "ContentViews\ContentViews\ContentViews.csproj", "{8FF4F4E6-E85B-481B-BE6B-63D53417F8D1}"
EndProject
Global
	GlobalSection(SolutionConfigurationPlatforms) = preSolution
		Ad-Hoc|Any CPU = Ad-Hoc|Any CPU
		Ad-Hoc|ARM = Ad-Hoc|ARM
		Ad-Hoc|iPhone = Ad-Hoc|iPhone
		Ad-Hoc|iPhoneSimulator = Ad-Hoc|iPhoneSimulator
		Ad-Hoc|x64 = Ad-Hoc|x64
		Ad-Hoc|x86 = Ad-Hoc|x86
		AppStore|Any CPU = AppStore|Any CPU
		AppStore|ARM = AppStore|ARM
		AppStore|iPhone = AppStore|iPhone
		AppStore|iPhoneSimulator = AppStore|iPhoneSimulator
		AppStore|x64 = AppStore|x64
		AppStore|x86 = AppStore|x86
		Debug|Any CPU = Debug|Any CPU
		Debug|ARM = Debug|ARM
		Debug|iPhone = Debug|iPhone
		Debug|iPhoneSimulator = Debug|iPhoneSimulator
		Debug|x64 = Debug|x64
		Debug|x86 = Debug|x86
		Release|Any CPU = Release|Any CPU
		Release|ARM = Release|ARM
		Release|iPhone = Release|iPhone
		Release|iPhoneSimulator = Release|iPhoneSimulator
		Release|x64 = Release|x64
		Release|x86 = Release|x86
	EndGlobalSection
	GlobalSection(ProjectConfigurationPlatforms) = postSolution
		{0862E070-061E-4F8D-A431-06462FF70566}.Ad-Hoc|Any CPU.ActiveCfg = Release|Any CPU
		{0862E070-061E-4F8D-A431-06462FF70566}.Ad-Hoc|Any CPU.Build.0 = Release|Any CPU
		{0862E070-061E-4F8D-A431-06462FF70566}.Ad-Hoc|Any CPU.Deploy.0 = Release|Any CPU
		{0862E070-061E-4F8D-A431-06462FF70566}.Ad-Hoc|ARM.ActiveCfg = Release|Any CPU
		{0862E070-061E-4F8D-A431-06462FF70566}.Ad-Hoc|ARM.Build.0 = Release|Any CPU
		{0862E070-061E-4F8D-A431-06462FF70566}.Ad-Hoc|ARM.Deploy.0 = Release|Any CPU
		{0862E070-061E-4F8D-A431-06462FF70566}.Ad-Hoc|iPhone.ActiveCfg = Release|Any CPU
		{0862E070-061E-4F8D-A431-06462FF70566}.Ad-Hoc|iPhone.Build.0 = Release|Any CPU
		{0862E070-061E-4F8D-A431-06462FF70566}.Ad-Hoc|iPhone.Deploy.0 = Release|Any CPU
		{0862E070-061E-4F8D-A431-06462FF70566}.Ad-Hoc|iPhoneSimulator.ActiveCfg = Release|Any CPU
		{0862E070-061E-4F8D-A431-06462FF70566}.Ad-Hoc|iPhoneSimulator.Build.0 = Release|Any CPU
		{0862E070-061E-4F8D-A431-06462FF70566}.Ad-Hoc|iPhoneSimulator.Deploy.0 = Release|Any CPU
		{0862E070-061E-4F8D-A431-06462FF70566}.Ad-Hoc|x64.ActiveCfg = Release|Any CPU
		{0862E070-061E-4F8D-A431-06462FF70566}.Ad-Hoc|x64.Build.0 = Release|Any CPU
		{0862E070-061E-4F8D-A431-06462FF70566}.Ad-Hoc|x64.Deploy.0 = Release|Any CPU
		{0862E070-061E-4F8D-A431-06462FF70566}.Ad-Hoc|x86.ActiveCfg = Release|Any CPU
		{0862E070-061E-4F8D-A431-06462FF70566}.Ad-Hoc|x86.Build.0 = Release|Any CPU
		{0862E070-061E-4F8D-A431-06462FF70566}.Ad-Hoc|x86.Deploy.0 = Release|Any CPU
		{0862E070-061E-4F8D-A431-06462FF70566}.AppStore|Any CPU.ActiveCfg = Release|Any CPU
		{0862E070-061E-4F8D-A431-06462FF70566}.AppStore|Any CPU.Build.0 = Release|Any CPU
		{0862E070-061E-4F8D-A431-06462FF70566}.AppStore|Any CPU.Deploy.0 = Release|Any CPU
		{0862E070-061E-4F8D-A431-06462FF70566}.AppStore|ARM.ActiveCfg = Release|Any CPU
		{0862E070-061E-4F8D-A431-06462FF70566}.AppStore|ARM.Build.0 = Release|Any CPU
		{0862E070-061E-4F8D-A431-06462FF70566}.AppStore|ARM.Deploy.0 = Release|Any CPU
		{0862E070-061E-4F8D-A431-06462FF70566}.AppStore|iPhone.ActiveCfg = Release|Any CPU
		{0862E070-061E-4F8D-A431-06462FF70566}.AppStore|iPhone.Build.0 = Release|Any CPU
		{0862E070-061E-4F8D-A431-06462FF70566}.AppStore|iPhone.Deploy.0 = Release|Any CPU
		{0862E070-061E-4F8D-A431-06462FF70566}.AppStore|iPhoneSimulator.ActiveCfg = Release|Any CPU
		{0862E070-061E-4F8D-A431-06462FF70566}.AppStore|iPhoneSimulator.Build.0 = Release|Any CPU
		{0862E070-061E-4F8D-A431-06462FF70566}.AppStore|iPhoneSimulator.Deploy.0 = Release|Any CPU
		{0862E070-061E-4F8D-A431-06462FF70566}.AppStore|x64.ActiveCfg = Release|Any CPU
		{0862E070-061E-4F8D-A431-06462FF70566}.AppStore|x64.Build.0 = Release|Any CPU
		{0862E070-061E-4F8D-A431-06462FF70566}.AppStore|x64.Deploy.0 = Release|Any CPU
		{0862E070-061E-4F8D-A431-06462FF70566}.AppStore|x86.ActiveCfg = Release|Any CPU
		{0862E070-061E-4F8D-A431-06462FF70566}.AppStore|x86.Build.0 = Release|Any CPU
		{0862E070-061E-4F8D-A431-06462FF70566}.AppStore|x86.Deploy.0 = Release|Any CPU
		{0862E070-061E-4F8D-A431-06462FF70566}.Debug|Any CPU.ActiveCfg = Debug|Any CPU
		{0862E070-061E-4F8D-A431-06462FF70566}.Debug|Any CPU.Build.0 = Debug|Any CPU
		{0862E070-061E-4F8D-A431-06462FF70566}.Debug|Any CPU.Deploy.0 = Debug|Any CPU
		{0862E070-061E-4F8D-A431-06462FF70566}.Debug|ARM.ActiveCfg = Debug|Any CPU
		{0862E070-061E-4F8D-A431-06462FF70566}.Debug|ARM.Build.0 = Debug|Any CPU
		{0862E070-061E-4F8D-A431-06462FF70566}.Debug|ARM.Deploy.0 = Debug|Any CPU
		{0862E070-061E-4F8D-A431-06462FF70566}.Debug|iPhone.ActiveCfg = Debug|Any CPU
		{0862E070-061E-4F8D-A431-06462FF70566}.Debug|iPhone.Build.0 = Debug|Any CPU
		{0862E070-061E-4F8D-A431-06462FF70566}.Debug|iPhone.Deploy.0 = Debug|Any CPU
		{0862E070-061E-4F8D-A431-06462FF70566}.Debug|iPhoneSimulator.ActiveCfg = Debug|Any CPU
		{0862E070-061E-4F8D-A431-06462FF70566}.Debug|iPhoneSimulator.Build.0 = Debug|Any CPU
		{0862E070-061E-4F8D-A431-06462FF70566}.Debug|iPhoneSimulator.Deploy.0 = Debug|Any CPU
		{0862E070-061E-4F8D-A431-06462FF70566}.Debug|x64.ActiveCfg = Debug|Any CPU
		{0862E070-061E-4F8D-A431-06462FF70566}.Debug|x64.Build.0 = Debug|Any CPU
		{0862E070-061E-4F8D-A431-06462FF70566}.Debug|x64.Deploy.0 = Debug|Any CPU
		{0862E070-061E-4F8D-A431-06462FF70566}.Debug|x86.ActiveCfg = Debug|Any CPU
		{0862E070-061E-4F8D-A431-06462FF70566}.Debug|x86.Build.0 = Debug|Any CPU
		{0862E070-061E-4F8D-A431-06462FF70566}.Debug|x86.Deploy.0 = Debug|Any CPU
		{0862E070-061E-4F8D-A431-06462FF70566}.Release|Any CPU.ActiveCfg = Release|Any CPU
		{0862E070-061E-4F8D-A431-06462FF70566}.Release|Any CPU.Build.0 = Release|Any CPU
		{0862E070-061E-4F8D-A431-06462FF70566}.Release|Any CPU.Deploy.0 = Release|Any CPU
		{0862E070-061E-4F8D-A431-06462FF70566}.Release|ARM.ActiveCfg = Release|Any CPU
		{0862E070-061E-4F8D-A431-06462FF70566}.Release|ARM.Build.0 = Release|Any CPU
		{0862E070-061E-4F8D-A431-06462FF70566}.Release|ARM.Deploy.0 = Release|Any CPU
		{0862E070-061E-4F8D-A431-06462FF70566}.Release|iPhone.ActiveCfg = Release|Any CPU
		{0862E070-061E-4F8D-A431-06462FF70566}.Release|iPhone.Build.0 = Release|Any CPU
		{0862E070-061E-4F8D-A431-06462FF70566}.Release|iPhone.Deploy.0 = Release|Any CPU
		{0862E070-061E-4F8D-A431-06462FF70566}.Release|iPhoneSimulator.ActiveCfg = Release|Any CPU
		{0862E070-061E-4F8D-A431-06462FF70566}.Release|iPhoneSimulator.Build.0 = Release|Any CPU
		{0862E070-061E-4F8D-A431-06462FF70566}.Release|iPhoneSimulator.Deploy.0 = Release|Any CPU
		{0862E070-061E-4F8D-A431-06462FF70566}.Release|x64.ActiveCfg = Release|Any CPU
		{0862E070-061E-4F8D-A431-06462FF70566}.Release|x64.Build.0 = Release|Any CPU
		{0862E070-061E-4F8D-A431-06462FF70566}.Release|x64.Deploy.0 = Release|Any CPU
		{0862E070-061E-4F8D-A431-06462FF70566}.Release|x86.ActiveCfg = Release|Any CPU
		{0862E070-061E-4F8D-A431-06462FF70566}.Release|x86.Build.0 = Release|Any CPU
		{0862E070-061E-4F8D-A431-06462FF70566}.Release|x86.Deploy.0 = Release|Any CPU
		{E86681E0-28A2-40FC-8C3B-83F42792BB5C}.Ad-Hoc|Any CPU.ActiveCfg = Ad-Hoc|iPhone
		{E86681E0-28A2-40FC-8C3B-83F42792BB5C}.Ad-Hoc|ARM.ActiveCfg = Ad-Hoc|iPhone
		{E86681E0-28A2-40FC-8C3B-83F42792BB5C}.Ad-Hoc|iPhone.ActiveCfg = Ad-Hoc|iPhone
		{E86681E0-28A2-40FC-8C3B-83F42792BB5C}.Ad-Hoc|iPhone.Build.0 = Ad-Hoc|iPhone
		{E86681E0-28A2-40FC-8C3B-83F42792BB5C}.Ad-Hoc|iPhoneSimulator.ActiveCfg = Ad-Hoc|iPhoneSimulator
		{E86681E0-28A2-40FC-8C3B-83F42792BB5C}.Ad-Hoc|iPhoneSimulator.Build.0 = Ad-Hoc|iPhoneSimulator
		{E86681E0-28A2-40FC-8C3B-83F42792BB5C}.Ad-Hoc|x64.ActiveCfg = Ad-Hoc|iPhone
		{E86681E0-28A2-40FC-8C3B-83F42792BB5C}.Ad-Hoc|x86.ActiveCfg = Ad-Hoc|iPhone
		{E86681E0-28A2-40FC-8C3B-83F42792BB5C}.AppStore|Any CPU.ActiveCfg = AppStore|iPhone
		{E86681E0-28A2-40FC-8C3B-83F42792BB5C}.AppStore|ARM.ActiveCfg = AppStore|iPhone
		{E86681E0-28A2-40FC-8C3B-83F42792BB5C}.AppStore|iPhone.ActiveCfg = AppStore|iPhone
		{E86681E0-28A2-40FC-8C3B-83F42792BB5C}.AppStore|iPhone.Build.0 = AppStore|iPhone
		{E86681E0-28A2-40FC-8C3B-83F42792BB5C}.AppStore|iPhoneSimulator.ActiveCfg = AppStore|iPhoneSimulator
		{E86681E0-28A2-40FC-8C3B-83F42792BB5C}.AppStore|iPhoneSimulator.Build.0 = AppStore|iPhoneSimulator
		{E86681E0-28A2-40FC-8C3B-83F42792BB5C}.AppStore|x64.ActiveCfg = AppStore|iPhone
		{E86681E0-28A2-40FC-8C3B-83F42792BB5C}.AppStore|x86.ActiveCfg = AppStore|iPhone
		{E86681E0-28A2-40FC-8C3B-83F42792BB5C}.Debug|Any CPU.ActiveCfg = Debug|iPhone
		{E86681E0-28A2-40FC-8C3B-83F42792BB5C}.Debug|ARM.ActiveCfg = Debug|iPhone
		{E86681E0-28A2-40FC-8C3B-83F42792BB5C}.Debug|iPhone.ActiveCfg = Debug|iPhone
		{E86681E0-28A2-40FC-8C3B-83F42792BB5C}.Debug|iPhone.Build.0 = Debug|iPhone
		{E86681E0-28A2-40FC-8C3B-83F42792BB5C}.Debug|iPhoneSimulator.ActiveCfg = Debug|iPhoneSimulator
		{E86681E0-28A2-40FC-8C3B-83F42792BB5C}.Debug|iPhoneSimulator.Build.0 = Debug|iPhoneSimulator
		{E86681E0-28A2-40FC-8C3B-83F42792BB5C}.Debug|x64.ActiveCfg = Debug|iPhone
		{E86681E0-28A2-40FC-8C3B-83F42792BB5C}.Debug|x86.ActiveCfg = Debug|iPhone
		{E86681E0-28A2-40FC-8C3B-83F42792BB5C}.Release|Any CPU.ActiveCfg = Release|iPhone
		{E86681E0-28A2-40FC-8C3B-83F42792BB5C}.Release|ARM.ActiveCfg = Release|iPhone
		{E86681E0-28A2-40FC-8C3B-83F42792BB5C}.Release|iPhone.ActiveCfg = Release|iPhone
		{E86681E0-28A2-40FC-8C3B-83F42792BB5C}.Release|iPhone.Build.0 = Release|iPhone
		{E86681E0-28A2-40FC-8C3B-83F42792BB5C}.Release|iPhoneSimulator.ActiveCfg = Release|iPhoneSimulator
		{E86681E0-28A2-40FC-8C3B-83F42792BB5C}.Release|iPhoneSimulator.Build.0 = Release|iPhoneSimulator
		{E86681E0-28A2-40FC-8C3B-83F42792BB5C}.Release|x64.ActiveCfg = Release|iPhone
		{E86681E0-28A2-40FC-8C3B-83F42792BB5C}.Release|x86.ActiveCfg = Release|iPhone
		{08E3E62D-2EE8-44C6-837E-3E1093375A67}.Ad-Hoc|Any CPU.ActiveCfg = Release|Any CPU
		{08E3E62D-2EE8-44C6-837E-3E1093375A67}.Ad-Hoc|Any CPU.Build.0 = Release|Any CPU
		{08E3E62D-2EE8-44C6-837E-3E1093375A67}.Ad-Hoc|Any CPU.Deploy.0 = Release|Any CPU
		{08E3E62D-2EE8-44C6-837E-3E1093375A67}.Ad-Hoc|ARM.ActiveCfg = Release|ARM
		{08E3E62D-2EE8-44C6-837E-3E1093375A67}.Ad-Hoc|ARM.Build.0 = Release|ARM
		{08E3E62D-2EE8-44C6-837E-3E1093375A67}.Ad-Hoc|ARM.Deploy.0 = Release|ARM
		{08E3E62D-2EE8-44C6-837E-3E1093375A67}.Ad-Hoc|iPhone.ActiveCfg = Release|Any CPU
		{08E3E62D-2EE8-44C6-837E-3E1093375A67}.Ad-Hoc|iPhone.Build.0 = Release|Any CPU
		{08E3E62D-2EE8-44C6-837E-3E1093375A67}.Ad-Hoc|iPhone.Deploy.0 = Release|Any CPU
		{08E3E62D-2EE8-44C6-837E-3E1093375A67}.Ad-Hoc|iPhoneSimulator.ActiveCfg = Release|Any CPU
		{08E3E62D-2EE8-44C6-837E-3E1093375A67}.Ad-Hoc|iPhoneSimulator.Build.0 = Release|Any CPU
		{08E3E62D-2EE8-44C6-837E-3E1093375A67}.Ad-Hoc|iPhoneSimulator.Deploy.0 = Release|Any CPU
		{08E3E62D-2EE8-44C6-837E-3E1093375A67}.Ad-Hoc|x64.ActiveCfg = Release|Any CPU
		{08E3E62D-2EE8-44C6-837E-3E1093375A67}.Ad-Hoc|x64.Build.0 = Release|Any CPU
		{08E3E62D-2EE8-44C6-837E-3E1093375A67}.Ad-Hoc|x64.Deploy.0 = Release|Any CPU
		{08E3E62D-2EE8-44C6-837E-3E1093375A67}.Ad-Hoc|x86.ActiveCfg = Release|x86
		{08E3E62D-2EE8-44C6-837E-3E1093375A67}.Ad-Hoc|x86.Build.0 = Release|x86
		{08E3E62D-2EE8-44C6-837E-3E1093375A67}.Ad-Hoc|x86.Deploy.0 = Release|x86
		{08E3E62D-2EE8-44C6-837E-3E1093375A67}.AppStore|Any CPU.ActiveCfg = Release|Any CPU
		{08E3E62D-2EE8-44C6-837E-3E1093375A67}.AppStore|Any CPU.Build.0 = Release|Any CPU
		{08E3E62D-2EE8-44C6-837E-3E1093375A67}.AppStore|Any CPU.Deploy.0 = Release|Any CPU
		{08E3E62D-2EE8-44C6-837E-3E1093375A67}.AppStore|ARM.ActiveCfg = Release|ARM
		{08E3E62D-2EE8-44C6-837E-3E1093375A67}.AppStore|ARM.Build.0 = Release|ARM
		{08E3E62D-2EE8-44C6-837E-3E1093375A67}.AppStore|ARM.Deploy.0 = Release|ARM
		{08E3E62D-2EE8-44C6-837E-3E1093375A67}.AppStore|iPhone.ActiveCfg = Release|Any CPU
		{08E3E62D-2EE8-44C6-837E-3E1093375A67}.AppStore|iPhone.Build.0 = Release|Any CPU
		{08E3E62D-2EE8-44C6-837E-3E1093375A67}.AppStore|iPhone.Deploy.0 = Release|Any CPU
		{08E3E62D-2EE8-44C6-837E-3E1093375A67}.AppStore|iPhoneSimulator.ActiveCfg = Release|Any CPU
		{08E3E62D-2EE8-44C6-837E-3E1093375A67}.AppStore|iPhoneSimulator.Build.0 = Release|Any CPU
		{08E3E62D-2EE8-44C6-837E-3E1093375A67}.AppStore|iPhoneSimulator.Deploy.0 = Release|Any CPU
		{08E3E62D-2EE8-44C6-837E-3E1093375A67}.AppStore|x64.ActiveCfg = Release|Any CPU
		{08E3E62D-2EE8-44C6-837E-3E1093375A67}.AppStore|x64.Build.0 = Release|Any CPU
		{08E3E62D-2EE8-44C6-837E-3E1093375A67}.AppStore|x64.Deploy.0 = Release|Any CPU
		{08E3E62D-2EE8-44C6-837E-3E1093375A67}.AppStore|x86.ActiveCfg = Release|x86
		{08E3E62D-2EE8-44C6-837E-3E1093375A67}.AppStore|x86.Build.0 = Release|x86
		{08E3E62D-2EE8-44C6-837E-3E1093375A67}.AppStore|x86.Deploy.0 = Release|x86
		{08E3E62D-2EE8-44C6-837E-3E1093375A67}.Debug|Any CPU.ActiveCfg = Debug|Any CPU
		{08E3E62D-2EE8-44C6-837E-3E1093375A67}.Debug|Any CPU.Build.0 = Debug|Any CPU
		{08E3E62D-2EE8-44C6-837E-3E1093375A67}.Debug|Any CPU.Deploy.0 = Debug|Any CPU
		{08E3E62D-2EE8-44C6-837E-3E1093375A67}.Debug|ARM.ActiveCfg = Debug|ARM
		{08E3E62D-2EE8-44C6-837E-3E1093375A67}.Debug|ARM.Build.0 = Debug|ARM
		{08E3E62D-2EE8-44C6-837E-3E1093375A67}.Debug|ARM.Deploy.0 = Debug|ARM
		{08E3E62D-2EE8-44C6-837E-3E1093375A67}.Debug|iPhone.ActiveCfg = Debug|Any CPU
		{08E3E62D-2EE8-44C6-837E-3E1093375A67}.Debug|iPhone.Build.0 = Debug|Any CPU
		{08E3E62D-2EE8-44C6-837E-3E1093375A67}.Debug|iPhone.Deploy.0 = Debug|Any CPU
		{08E3E62D-2EE8-44C6-837E-3E1093375A67}.Debug|iPhoneSimulator.ActiveCfg = Debug|Any CPU
		{08E3E62D-2EE8-44C6-837E-3E1093375A67}.Debug|iPhoneSimulator.Build.0 = Debug|Any CPU
		{08E3E62D-2EE8-44C6-837E-3E1093375A67}.Debug|iPhoneSimulator.Deploy.0 = Debug|Any CPU
		{08E3E62D-2EE8-44C6-837E-3E1093375A67}.Debug|x64.ActiveCfg = Debug|Any CPU
		{08E3E62D-2EE8-44C6-837E-3E1093375A67}.Debug|x64.Build.0 = Debug|Any CPU
		{08E3E62D-2EE8-44C6-837E-3E1093375A67}.Debug|x64.Deploy.0 = Debug|Any CPU
		{08E3E62D-2EE8-44C6-837E-3E1093375A67}.Debug|x86.ActiveCfg = Debug|x86
		{08E3E62D-2EE8-44C6-837E-3E1093375A67}.Debug|x86.Build.0 = Debug|x86
		{08E3E62D-2EE8-44C6-837E-3E1093375A67}.Debug|x86.Deploy.0 = Debug|x86
		{08E3E62D-2EE8-44C6-837E-3E1093375A67}.Release|Any CPU.ActiveCfg = Release|Any CPU
		{08E3E62D-2EE8-44C6-837E-3E1093375A67}.Release|Any CPU.Build.0 = Release|Any CPU
		{08E3E62D-2EE8-44C6-837E-3E1093375A67}.Release|Any CPU.Deploy.0 = Release|Any CPU
		{08E3E62D-2EE8-44C6-837E-3E1093375A67}.Release|ARM.ActiveCfg = Release|ARM
		{08E3E62D-2EE8-44C6-837E-3E1093375A67}.Release|ARM.Build.0 = Release|ARM
		{08E3E62D-2EE8-44C6-837E-3E1093375A67}.Release|ARM.Deploy.0 = Release|ARM
		{08E3E62D-2EE8-44C6-837E-3E1093375A67}.Release|iPhone.ActiveCfg = Release|Any CPU
		{08E3E62D-2EE8-44C6-837E-3E1093375A67}.Release|iPhone.Build.0 = Release|Any CPU
		{08E3E62D-2EE8-44C6-837E-3E1093375A67}.Release|iPhone.Deploy.0 = Release|Any CPU
		{08E3E62D-2EE8-44C6-837E-3E1093375A67}.Release|iPhoneSimulator.ActiveCfg = Release|Any CPU
		{08E3E62D-2EE8-44C6-837E-3E1093375A67}.Release|iPhoneSimulator.Build.0 = Release|Any CPU
		{08E3E62D-2EE8-44C6-837E-3E1093375A67}.Release|iPhoneSimulator.Deploy.0 = Release|Any CPU
		{08E3E62D-2EE8-44C6-837E-3E1093375A67}.Release|x64.ActiveCfg = Release|Any CPU
		{08E3E62D-2EE8-44C6-837E-3E1093375A67}.Release|x64.Build.0 = Release|Any CPU
		{08E3E62D-2EE8-44C6-837E-3E1093375A67}.Release|x64.Deploy.0 = Release|Any CPU
		{08E3E62D-2EE8-44C6-837E-3E1093375A67}.Release|x86.ActiveCfg = Release|x86
		{08E3E62D-2EE8-44C6-837E-3E1093375A67}.Release|x86.Build.0 = Release|x86
		{08E3E62D-2EE8-44C6-837E-3E1093375A67}.Release|x86.Deploy.0 = Release|x86
		{6E386AF4-0A19-43E1-BF30-7D4957E3FA79}.Ad-Hoc|Any CPU.ActiveCfg = Release|x86
		{6E386AF4-0A19-43E1-BF30-7D4957E3FA79}.Ad-Hoc|Any CPU.Build.0 = Release|x86
		{6E386AF4-0A19-43E1-BF30-7D4957E3FA79}.Ad-Hoc|Any CPU.Deploy.0 = Release|x86
		{6E386AF4-0A19-43E1-BF30-7D4957E3FA79}.Ad-Hoc|ARM.ActiveCfg = Release|ARM
		{6E386AF4-0A19-43E1-BF30-7D4957E3FA79}.Ad-Hoc|ARM.Build.0 = Release|ARM
		{6E386AF4-0A19-43E1-BF30-7D4957E3FA79}.Ad-Hoc|ARM.Deploy.0 = Release|ARM
		{6E386AF4-0A19-43E1-BF30-7D4957E3FA79}.Ad-Hoc|iPhone.ActiveCfg = Release|x86
		{6E386AF4-0A19-43E1-BF30-7D4957E3FA79}.Ad-Hoc|iPhone.Build.0 = Release|x86
		{6E386AF4-0A19-43E1-BF30-7D4957E3FA79}.Ad-Hoc|iPhone.Deploy.0 = Release|x86
		{6E386AF4-0A19-43E1-BF30-7D4957E3FA79}.Ad-Hoc|iPhoneSimulator.ActiveCfg = Release|x86
		{6E386AF4-0A19-43E1-BF30-7D4957E3FA79}.Ad-Hoc|iPhoneSimulator.Build.0 = Release|x86
		{6E386AF4-0A19-43E1-BF30-7D4957E3FA79}.Ad-Hoc|iPhoneSimulator.Deploy.0 = Release|x86
		{6E386AF4-0A19-43E1-BF30-7D4957E3FA79}.Ad-Hoc|x64.ActiveCfg = Release|x64
		{6E386AF4-0A19-43E1-BF30-7D4957E3FA79}.Ad-Hoc|x64.Build.0 = Release|x64
		{6E386AF4-0A19-43E1-BF30-7D4957E3FA79}.Ad-Hoc|x64.Deploy.0 = Release|x64
		{6E386AF4-0A19-43E1-BF30-7D4957E3FA79}.Ad-Hoc|x86.ActiveCfg = Release|x86
		{6E386AF4-0A19-43E1-BF30-7D4957E3FA79}.Ad-Hoc|x86.Build.0 = Release|x86
		{6E386AF4-0A19-43E1-BF30-7D4957E3FA79}.Ad-Hoc|x86.Deploy.0 = Release|x86
		{6E386AF4-0A19-43E1-BF30-7D4957E3FA79}.AppStore|Any CPU.ActiveCfg = Release|x86
		{6E386AF4-0A19-43E1-BF30-7D4957E3FA79}.AppStore|Any CPU.Build.0 = Release|x86
		{6E386AF4-0A19-43E1-BF30-7D4957E3FA79}.AppStore|Any CPU.Deploy.0 = Release|x86
		{6E386AF4-0A19-43E1-BF30-7D4957E3FA79}.AppStore|ARM.ActiveCfg = Release|ARM
		{6E386AF4-0A19-43E1-BF30-7D4957E3FA79}.AppStore|ARM.Build.0 = Release|ARM
		{6E386AF4-0A19-43E1-BF30-7D4957E3FA79}.AppStore|ARM.Deploy.0 = Release|ARM
		{6E386AF4-0A19-43E1-BF30-7D4957E3FA79}.AppStore|iPhone.ActiveCfg = Release|x86
		{6E386AF4-0A19-43E1-BF30-7D4957E3FA79}.AppStore|iPhone.Build.0 = Release|x86
		{6E386AF4-0A19-43E1-BF30-7D4957E3FA79}.AppStore|iPhone.Deploy.0 = Release|x86
		{6E386AF4-0A19-43E1-BF30-7D4957E3FA79}.AppStore|iPhoneSimulator.ActiveCfg = Release|x86
		{6E386AF4-0A19-43E1-BF30-7D4957E3FA79}.AppStore|iPhoneSimulator.Build.0 = Release|x86
		{6E386AF4-0A19-43E1-BF30-7D4957E3FA79}.AppStore|iPhoneSimulator.Deploy.0 = Release|x86
		{6E386AF4-0A19-43E1-BF30-7D4957E3FA79}.AppStore|x64.ActiveCfg = Release|x64
		{6E386AF4-0A19-43E1-BF30-7D4957E3FA79}.AppStore|x64.Build.0 = Release|x64
		{6E386AF4-0A19-43E1-BF30-7D4957E3FA79}.AppStore|x64.Deploy.0 = Release|x64
		{6E386AF4-0A19-43E1-BF30-7D4957E3FA79}.AppStore|x86.ActiveCfg = Release|x86
		{6E386AF4-0A19-43E1-BF30-7D4957E3FA79}.AppStore|x86.Build.0 = Release|x86
		{6E386AF4-0A19-43E1-BF30-7D4957E3FA79}.AppStore|x86.Deploy.0 = Release|x86
		{6E386AF4-0A19-43E1-BF30-7D4957E3FA79}.Debug|Any CPU.ActiveCfg = Debug|x86
		{6E386AF4-0A19-43E1-BF30-7D4957E3FA79}.Debug|ARM.ActiveCfg = Debug|ARM
		{6E386AF4-0A19-43E1-BF30-7D4957E3FA79}.Debug|ARM.Build.0 = Debug|ARM
		{6E386AF4-0A19-43E1-BF30-7D4957E3FA79}.Debug|ARM.Deploy.0 = Debug|ARM
		{6E386AF4-0A19-43E1-BF30-7D4957E3FA79}.Debug|iPhone.ActiveCfg = Debug|x86
		{6E386AF4-0A19-43E1-BF30-7D4957E3FA79}.Debug|iPhoneSimulator.ActiveCfg = Debug|x86
		{6E386AF4-0A19-43E1-BF30-7D4957E3FA79}.Debug|x64.ActiveCfg = Debug|x64
		{6E386AF4-0A19-43E1-BF30-7D4957E3FA79}.Debug|x64.Build.0 = Debug|x64
		{6E386AF4-0A19-43E1-BF30-7D4957E3FA79}.Debug|x64.Deploy.0 = Debug|x64
		{6E386AF4-0A19-43E1-BF30-7D4957E3FA79}.Debug|x86.ActiveCfg = Debug|x86
		{6E386AF4-0A19-43E1-BF30-7D4957E3FA79}.Debug|x86.Build.0 = Debug|x86
		{6E386AF4-0A19-43E1-BF30-7D4957E3FA79}.Debug|x86.Deploy.0 = Debug|x86
		{6E386AF4-0A19-43E1-BF30-7D4957E3FA79}.Release|Any CPU.ActiveCfg = Release|x86
		{6E386AF4-0A19-43E1-BF30-7D4957E3FA79}.Release|ARM.ActiveCfg = Release|ARM
		{6E386AF4-0A19-43E1-BF30-7D4957E3FA79}.Release|ARM.Build.0 = Release|ARM
		{6E386AF4-0A19-43E1-BF30-7D4957E3FA79}.Release|ARM.Deploy.0 = Release|ARM
		{6E386AF4-0A19-43E1-BF30-7D4957E3FA79}.Release|iPhone.ActiveCfg = Release|x86
		{6E386AF4-0A19-43E1-BF30-7D4957E3FA79}.Release|iPhoneSimulator.ActiveCfg = Release|x86
		{6E386AF4-0A19-43E1-BF30-7D4957E3FA79}.Release|x64.ActiveCfg = Release|x64
		{6E386AF4-0A19-43E1-BF30-7D4957E3FA79}.Release|x64.Build.0 = Release|x64
		{6E386AF4-0A19-43E1-BF30-7D4957E3FA79}.Release|x64.Deploy.0 = Release|x64
		{6E386AF4-0A19-43E1-BF30-7D4957E3FA79}.Release|x86.ActiveCfg = Release|x86
		{6E386AF4-0A19-43E1-BF30-7D4957E3FA79}.Release|x86.Build.0 = Release|x86
		{6E386AF4-0A19-43E1-BF30-7D4957E3FA79}.Release|x86.Deploy.0 = Release|x86
		{2C3F0CF4-3536-4576-9DE4-B3897E78475C}.Ad-Hoc|Any CPU.ActiveCfg = Release|Any CPU
		{2C3F0CF4-3536-4576-9DE4-B3897E78475C}.Ad-Hoc|Any CPU.Build.0 = Release|Any CPU
		{2C3F0CF4-3536-4576-9DE4-B3897E78475C}.Ad-Hoc|Any CPU.Deploy.0 = Release|Any CPU
		{2C3F0CF4-3536-4576-9DE4-B3897E78475C}.Ad-Hoc|ARM.ActiveCfg = Release|ARM
		{2C3F0CF4-3536-4576-9DE4-B3897E78475C}.Ad-Hoc|ARM.Build.0 = Release|ARM
		{2C3F0CF4-3536-4576-9DE4-B3897E78475C}.Ad-Hoc|ARM.Deploy.0 = Release|ARM
		{2C3F0CF4-3536-4576-9DE4-B3897E78475C}.Ad-Hoc|iPhone.ActiveCfg = Release|Any CPU
		{2C3F0CF4-3536-4576-9DE4-B3897E78475C}.Ad-Hoc|iPhone.Build.0 = Release|Any CPU
		{2C3F0CF4-3536-4576-9DE4-B3897E78475C}.Ad-Hoc|iPhone.Deploy.0 = Release|Any CPU
		{2C3F0CF4-3536-4576-9DE4-B3897E78475C}.Ad-Hoc|iPhoneSimulator.ActiveCfg = Release|Any CPU
		{2C3F0CF4-3536-4576-9DE4-B3897E78475C}.Ad-Hoc|iPhoneSimulator.Build.0 = Release|Any CPU
		{2C3F0CF4-3536-4576-9DE4-B3897E78475C}.Ad-Hoc|iPhoneSimulator.Deploy.0 = Release|Any CPU
		{2C3F0CF4-3536-4576-9DE4-B3897E78475C}.Ad-Hoc|x64.ActiveCfg = Release|x64
		{2C3F0CF4-3536-4576-9DE4-B3897E78475C}.Ad-Hoc|x64.Build.0 = Release|x64
		{2C3F0CF4-3536-4576-9DE4-B3897E78475C}.Ad-Hoc|x64.Deploy.0 = Release|x64
		{2C3F0CF4-3536-4576-9DE4-B3897E78475C}.Ad-Hoc|x86.ActiveCfg = Release|x86
		{2C3F0CF4-3536-4576-9DE4-B3897E78475C}.Ad-Hoc|x86.Build.0 = Release|x86
		{2C3F0CF4-3536-4576-9DE4-B3897E78475C}.Ad-Hoc|x86.Deploy.0 = Release|x86
		{2C3F0CF4-3536-4576-9DE4-B3897E78475C}.AppStore|Any CPU.ActiveCfg = Release|Any CPU
		{2C3F0CF4-3536-4576-9DE4-B3897E78475C}.AppStore|Any CPU.Build.0 = Release|Any CPU
		{2C3F0CF4-3536-4576-9DE4-B3897E78475C}.AppStore|Any CPU.Deploy.0 = Release|Any CPU
		{2C3F0CF4-3536-4576-9DE4-B3897E78475C}.AppStore|ARM.ActiveCfg = Release|ARM
		{2C3F0CF4-3536-4576-9DE4-B3897E78475C}.AppStore|ARM.Build.0 = Release|ARM
		{2C3F0CF4-3536-4576-9DE4-B3897E78475C}.AppStore|ARM.Deploy.0 = Release|ARM
		{2C3F0CF4-3536-4576-9DE4-B3897E78475C}.AppStore|iPhone.ActiveCfg = Release|Any CPU
		{2C3F0CF4-3536-4576-9DE4-B3897E78475C}.AppStore|iPhone.Build.0 = Release|Any CPU
		{2C3F0CF4-3536-4576-9DE4-B3897E78475C}.AppStore|iPhone.Deploy.0 = Release|Any CPU
		{2C3F0CF4-3536-4576-9DE4-B3897E78475C}.AppStore|iPhoneSimulator.ActiveCfg = Release|Any CPU
		{2C3F0CF4-3536-4576-9DE4-B3897E78475C}.AppStore|iPhoneSimulator.Build.0 = Release|Any CPU
		{2C3F0CF4-3536-4576-9DE4-B3897E78475C}.AppStore|iPhoneSimulator.Deploy.0 = Release|Any CPU
		{2C3F0CF4-3536-4576-9DE4-B3897E78475C}.AppStore|x64.ActiveCfg = Release|x64
		{2C3F0CF4-3536-4576-9DE4-B3897E78475C}.AppStore|x64.Build.0 = Release|x64
		{2C3F0CF4-3536-4576-9DE4-B3897E78475C}.AppStore|x64.Deploy.0 = Release|x64
		{2C3F0CF4-3536-4576-9DE4-B3897E78475C}.AppStore|x86.ActiveCfg = Release|x86
		{2C3F0CF4-3536-4576-9DE4-B3897E78475C}.AppStore|x86.Build.0 = Release|x86
		{2C3F0CF4-3536-4576-9DE4-B3897E78475C}.AppStore|x86.Deploy.0 = Release|x86
		{2C3F0CF4-3536-4576-9DE4-B3897E78475C}.Debug|Any CPU.ActiveCfg = Debug|Any CPU
		{2C3F0CF4-3536-4576-9DE4-B3897E78475C}.Debug|Any CPU.Build.0 = Debug|Any CPU
		{2C3F0CF4-3536-4576-9DE4-B3897E78475C}.Debug|Any CPU.Deploy.0 = Debug|Any CPU
		{2C3F0CF4-3536-4576-9DE4-B3897E78475C}.Debug|ARM.ActiveCfg = Debug|ARM
		{2C3F0CF4-3536-4576-9DE4-B3897E78475C}.Debug|ARM.Build.0 = Debug|ARM
		{2C3F0CF4-3536-4576-9DE4-B3897E78475C}.Debug|ARM.Deploy.0 = Debug|ARM
		{2C3F0CF4-3536-4576-9DE4-B3897E78475C}.Debug|iPhone.ActiveCfg = Debug|Any CPU
		{2C3F0CF4-3536-4576-9DE4-B3897E78475C}.Debug|iPhone.Build.0 = Debug|Any CPU
		{2C3F0CF4-3536-4576-9DE4-B3897E78475C}.Debug|iPhone.Deploy.0 = Debug|Any CPU
		{2C3F0CF4-3536-4576-9DE4-B3897E78475C}.Debug|iPhoneSimulator.ActiveCfg = Debug|Any CPU
		{2C3F0CF4-3536-4576-9DE4-B3897E78475C}.Debug|iPhoneSimulator.Build.0 = Debug|Any CPU
		{2C3F0CF4-3536-4576-9DE4-B3897E78475C}.Debug|iPhoneSimulator.Deploy.0 = Debug|Any CPU
		{2C3F0CF4-3536-4576-9DE4-B3897E78475C}.Debug|x64.ActiveCfg = Debug|x64
		{2C3F0CF4-3536-4576-9DE4-B3897E78475C}.Debug|x64.Build.0 = Debug|x64
		{2C3F0CF4-3536-4576-9DE4-B3897E78475C}.Debug|x64.Deploy.0 = Debug|x64
		{2C3F0CF4-3536-4576-9DE4-B3897E78475C}.Debug|x86.ActiveCfg = Debug|x86
		{2C3F0CF4-3536-4576-9DE4-B3897E78475C}.Debug|x86.Build.0 = Debug|x86
		{2C3F0CF4-3536-4576-9DE4-B3897E78475C}.Debug|x86.Deploy.0 = Debug|x86
		{2C3F0CF4-3536-4576-9DE4-B3897E78475C}.Release|Any CPU.ActiveCfg = Release|Any CPU
		{2C3F0CF4-3536-4576-9DE4-B3897E78475C}.Release|Any CPU.Build.0 = Release|Any CPU
		{2C3F0CF4-3536-4576-9DE4-B3897E78475C}.Release|Any CPU.Deploy.0 = Release|Any CPU
		{2C3F0CF4-3536-4576-9DE4-B3897E78475C}.Release|ARM.ActiveCfg = Release|ARM
		{2C3F0CF4-3536-4576-9DE4-B3897E78475C}.Release|ARM.Build.0 = Release|ARM
		{2C3F0CF4-3536-4576-9DE4-B3897E78475C}.Release|ARM.Deploy.0 = Release|ARM
		{2C3F0CF4-3536-4576-9DE4-B3897E78475C}.Release|iPhone.ActiveCfg = Release|Any CPU
		{2C3F0CF4-3536-4576-9DE4-B3897E78475C}.Release|iPhone.Build.0 = Release|Any CPU
		{2C3F0CF4-3536-4576-9DE4-B3897E78475C}.Release|iPhone.Deploy.0 = Release|Any CPU
		{2C3F0CF4-3536-4576-9DE4-B3897E78475C}.Release|iPhoneSimulator.ActiveCfg = Release|Any CPU
		{2C3F0CF4-3536-4576-9DE4-B3897E78475C}.Release|iPhoneSimulator.Build.0 = Release|Any CPU
		{2C3F0CF4-3536-4576-9DE4-B3897E78475C}.Release|iPhoneSimulator.Deploy.0 = Release|Any CPU
		{2C3F0CF4-3536-4576-9DE4-B3897E78475C}.Release|x64.ActiveCfg = Release|x64
		{2C3F0CF4-3536-4576-9DE4-B3897E78475C}.Release|x64.Build.0 = Release|x64
		{2C3F0CF4-3536-4576-9DE4-B3897E78475C}.Release|x64.Deploy.0 = Release|x64
		{2C3F0CF4-3536-4576-9DE4-B3897E78475C}.Release|x86.ActiveCfg = Release|x86
		{2C3F0CF4-3536-4576-9DE4-B3897E78475C}.Release|x86.Build.0 = Release|x86
		{2C3F0CF4-3536-4576-9DE4-B3897E78475C}.Release|x86.Deploy.0 = Release|x86
		{8FF4F4E6-E85B-481B-BE6B-63D53417F8D1}.Ad-Hoc|Any CPU.ActiveCfg = Release|Any CPU
		{8FF4F4E6-E85B-481B-BE6B-63D53417F8D1}.Ad-Hoc|Any CPU.Build.0 = Release|Any CPU
		{8FF4F4E6-E85B-481B-BE6B-63D53417F8D1}.Ad-Hoc|ARM.ActiveCfg = Release|Any CPU
		{8FF4F4E6-E85B-481B-BE6B-63D53417F8D1}.Ad-Hoc|ARM.Build.0 = Release|Any CPU
		{8FF4F4E6-E85B-481B-BE6B-63D53417F8D1}.Ad-Hoc|iPhone.ActiveCfg = Release|Any CPU
		{8FF4F4E6-E85B-481B-BE6B-63D53417F8D1}.Ad-Hoc|iPhone.Build.0 = Release|Any CPU
		{8FF4F4E6-E85B-481B-BE6B-63D53417F8D1}.Ad-Hoc|iPhoneSimulator.ActiveCfg = Release|Any CPU
		{8FF4F4E6-E85B-481B-BE6B-63D53417F8D1}.Ad-Hoc|iPhoneSimulator.Build.0 = Release|Any CPU
		{8FF4F4E6-E85B-481B-BE6B-63D53417F8D1}.Ad-Hoc|x64.ActiveCfg = Release|Any CPU
		{8FF4F4E6-E85B-481B-BE6B-63D53417F8D1}.Ad-Hoc|x64.Build.0 = Release|Any CPU
		{8FF4F4E6-E85B-481B-BE6B-63D53417F8D1}.Ad-Hoc|x86.ActiveCfg = Release|Any CPU
		{8FF4F4E6-E85B-481B-BE6B-63D53417F8D1}.Ad-Hoc|x86.Build.0 = Release|Any CPU
		{8FF4F4E6-E85B-481B-BE6B-63D53417F8D1}.AppStore|Any CPU.ActiveCfg = Release|Any CPU
		{8FF4F4E6-E85B-481B-BE6B-63D53417F8D1}.AppStore|Any CPU.Build.0 = Release|Any CPU
		{8FF4F4E6-E85B-481B-BE6B-63D53417F8D1}.AppStore|ARM.ActiveCfg = Release|Any CPU
		{8FF4F4E6-E85B-481B-BE6B-63D53417F8D1}.AppStore|ARM.Build.0 = Release|Any CPU
		{8FF4F4E6-E85B-481B-BE6B-63D53417F8D1}.AppStore|iPhone.ActiveCfg = Release|Any CPU
		{8FF4F4E6-E85B-481B-BE6B-63D53417F8D1}.AppStore|iPhone.Build.0 = Release|Any CPU
		{8FF4F4E6-E85B-481B-BE6B-63D53417F8D1}.AppStore|iPhoneSimulator.ActiveCfg = Release|Any CPU
		{8FF4F4E6-E85B-481B-BE6B-63D53417F8D1}.AppStore|iPhoneSimulator.Build.0 = Release|Any CPU
		{8FF4F4E6-E85B-481B-BE6B-63D53417F8D1}.AppStore|x64.ActiveCfg = Release|Any CPU
		{8FF4F4E6-E85B-481B-BE6B-63D53417F8D1}.AppStore|x64.Build.0 = Release|Any CPU
		{8FF4F4E6-E85B-481B-BE6B-63D53417F8D1}.AppStore|x86.ActiveCfg = Release|Any CPU
		{8FF4F4E6-E85B-481B-BE6B-63D53417F8D1}.AppStore|x86.Build.0 = Release|Any CPU
		{8FF4F4E6-E85B-481B-BE6B-63D53417F8D1}.Debug|Any CPU.ActiveCfg = Debug|Any CPU
		{8FF4F4E6-E85B-481B-BE6B-63D53417F8D1}.Debug|Any CPU.Build.0 = Debug|Any CPU
		{8FF4F4E6-E85B-481B-BE6B-63D53417F8D1}.Debug|ARM.ActiveCfg = Debug|Any CPU
		{8FF4F4E6-E85B-481B-BE6B-63D53417F8D1}.Debug|ARM.Build.0 = Debug|Any CPU
		{8FF4F4E6-E85B-481B-BE6B-63D53417F8D1}.Debug|iPhone.ActiveCfg = Debug|Any CPU
		{8FF4F4E6-E85B-481B-BE6B-63D53417F8D1}.Debug|iPhone.Build.0 = Debug|Any CPU
		{8FF4F4E6-E85B-481B-BE6B-63D53417F8D1}.Debug|iPhoneSimulator.ActiveCfg = Debug|Any CPU
		{8FF4F4E6-E85B-481B-BE6B-63D53417F8D1}.Debug|iPhoneSimulator.Build.0 = Debug|Any CPU
		{8FF4F4E6-E85B-481B-BE6B-63D53417F8D1}.Debug|x64.ActiveCfg = Debug|Any CPU
		{8FF4F4E6-E85B-481B-BE6B-63D53417F8D1}.Debug|x64.Build.0 = Debug|Any CPU
		{8FF4F4E6-E85B-481B-BE6B-63D53417F8D1}.Debug|x86.ActiveCfg = Debug|Any CPU
		{8FF4F4E6-E85B-481B-BE6B-63D53417F8D1}.Debug|x86.Build.0 = Debug|Any CPU
		{8FF4F4E6-E85B-481B-BE6B-63D53417F8D1}.Release|Any CPU.ActiveCfg = Release|Any CPU
		{8FF4F4E6-E85B-481B-BE6B-63D53417F8D1}.Release|Any CPU.Build.0 = Release|Any CPU
		{8FF4F4E6-E85B-481B-BE6B-63D53417F8D1}.Release|ARM.ActiveCfg = Release|Any CPU
		{8FF4F4E6-E85B-481B-BE6B-63D53417F8D1}.Release|ARM.Build.0 = Release|Any CPU
		{8FF4F4E6-E85B-481B-BE6B-63D53417F8D1}.Release|iPhone.ActiveCfg = Release|Any CPU
		{8FF4F4E6-E85B-481B-BE6B-63D53417F8D1}.Release|iPhone.Build.0 = Release|Any CPU
		{8FF4F4E6-E85B-481B-BE6B-63D53417F8D1}.Release|iPhoneSimulator.ActiveCfg = Release|Any CPU
		{8FF4F4E6-E85B-481B-BE6B-63D53417F8D1}.Release|iPhoneSimulator.Build.0 = Release|Any CPU
		{8FF4F4E6-E85B-481B-BE6B-63D53417F8D1}.Release|x64.ActiveCfg = Release|Any CPU
		{8FF4F4E6-E85B-481B-BE6B-63D53417F8D1}.Release|x64.Build.0 = Release|Any CPU
		{8FF4F4E6-E85B-481B-BE6B-63D53417F8D1}.Release|x86.ActiveCfg = Release|Any CPU
		{8FF4F4E6-E85B-481B-BE6B-63D53417F8D1}.Release|x86.Build.0 = Release|Any CPU
	EndGlobalSection
	GlobalSection(SolutionProperties) = preSolution
		HideSolutionNode = FALSE
	EndGlobalSection
EndGlobal
