
Microsoft Visual Studio Solution File, Format Version 12.00
# Visual Studio 14
VisualStudioVersion = 14.0.25420.1
MinimumVisualStudioVersion = 10.0.40219.1
Project("{FAE04EC0-301F-11D3-BF4B-00C04F79EFBC}") = "MasterDetailPage.Droid", "MasterDetailPage\MasterDetailPage.Droid\MasterDetailPage.Droid.csproj", "{16D0A24B-7EF4-48AE-B694-210DF61B7562}"
EndProject
Project("{FAE04EC0-301F-11D3-BF4B-00C04F79EFBC}") = "MasterDetailPage.iOS", "MasterDetailPage\MasterDetailPage.iOS\MasterDetailPage.iOS.csproj", "{30AE7E44-5453-4E15-8593-048F649DFBF1}"
EndProject
Project("{FAE04EC0-301F-11D3-BF4B-00C04F79EFBC}") = "MasterDetailPage.WinPhone", "MasterDetailPage\MasterDetailPage.WinPhone\MasterDetailPage.WinPhone.csproj", "{C49BBBD5-7B5D-491E-8E77-0F55B6529991}"
EndProject
Project("{FAE04EC0-301F-11D3-BF4B-00C04F79EFBC}") = "MasterDetailPage.UWP", "MasterDetailPage\MasterDetailPage.UWP\MasterDetailPage.UWP.csproj", "{72631AAA-72CA-4AC9-938D-3B161AD19A33}"
EndProject
Project("{FAE04EC0-301F-11D3-BF4B-00C04F79EFBC}") = "MasterDetailPage.Windows", "MasterDetailPage\MasterDetailPage.Windows\MasterDetailPage.Windows.csproj", "{8CE95CFB-25FD-4748-BE0D-E36C5D40898D}"
EndProject
Project("{FAE04EC0-301F-11D3-BF4B-00C04F79EFBC}") = "MasterDetailPage", "MasterDetailPage\MasterDetailPage\MasterDetailPage.csproj", "{F87CC9B5-16B1-4EFD-A012-F8331556A46E}"
EndProject
Global
	GlobalSection(SolutionConfigurationPlatforms) = preSolution
		Ad-Hoc|Any CPU = Ad-Hoc|Any CPU
		Ad-Hoc|ARM = Ad-Hoc|ARM
		Ad-Hoc|iPhone = Ad-Hoc|iPhone
		Ad-Hoc|iPhoneSimulator = Ad-Hoc|iPhoneSimulator
		Ad-Hoc|x64 = Ad-Hoc|x64
		Ad-Hoc|x86 = Ad-Hoc|x86
		AppStore|Any CPU = AppStore|Any CPU
		AppStore|ARM = AppStore|ARM
		AppStore|iPhone = AppStore|iPhone
		AppStore|iPhoneSimulator = AppStore|iPhoneSimulator
		AppStore|x64 = AppStore|x64
		AppStore|x86 = AppStore|x86
		Debug|Any CPU = Debug|Any CPU
		Debug|ARM = Debug|ARM
		Debug|iPhone = Debug|iPhone
		Debug|iPhoneSimulator = Debug|iPhoneSimulator
		Debug|x64 = Debug|x64
		Debug|x86 = Debug|x86
		Release|Any CPU = Release|Any CPU
		Release|ARM = Release|ARM
		Release|iPhone = Release|iPhone
		Release|iPhoneSimulator = Release|iPhoneSimulator
		Release|x64 = Release|x64
		Release|x86 = Release|x86
	EndGlobalSection
	GlobalSection(ProjectConfigurationPlatforms) = postSolution
		{16D0A24B-7EF4-48AE-B694-210DF61B7562}.Ad-Hoc|Any CPU.ActiveCfg = Release|Any CPU
		{16D0A24B-7EF4-48AE-B694-210DF61B7562}.Ad-Hoc|Any CPU.Build.0 = Release|Any CPU
		{16D0A24B-7EF4-48AE-B694-210DF61B7562}.Ad-Hoc|Any CPU.Deploy.0 = Release|Any CPU
		{16D0A24B-7EF4-48AE-B694-210DF61B7562}.Ad-Hoc|ARM.ActiveCfg = Release|Any CPU
		{16D0A24B-7EF4-48AE-B694-210DF61B7562}.Ad-Hoc|ARM.Build.0 = Release|Any CPU
		{16D0A24B-7EF4-48AE-B694-210DF61B7562}.Ad-Hoc|ARM.Deploy.0 = Release|Any CPU
		{16D0A24B-7EF4-48AE-B694-210DF61B7562}.Ad-Hoc|iPhone.ActiveCfg = Release|Any CPU
		{16D0A24B-7EF4-48AE-B694-210DF61B7562}.Ad-Hoc|iPhone.Build.0 = Release|Any CPU
		{16D0A24B-7EF4-48AE-B694-210DF61B7562}.Ad-Hoc|iPhone.Deploy.0 = Release|Any CPU
		{16D0A24B-7EF4-48AE-B694-210DF61B7562}.Ad-Hoc|iPhoneSimulator.ActiveCfg = Release|Any CPU
		{16D0A24B-7EF4-48AE-B694-210DF61B7562}.Ad-Hoc|iPhoneSimulator.Build.0 = Release|Any CPU
		{16D0A24B-7EF4-48AE-B694-210DF61B7562}.Ad-Hoc|iPhoneSimulator.Deploy.0 = Release|Any CPU
		{16D0A24B-7EF4-48AE-B694-210DF61B7562}.Ad-Hoc|x64.ActiveCfg = Release|Any CPU
		{16D0A24B-7EF4-48AE-B694-210DF61B7562}.Ad-Hoc|x64.Build.0 = Release|Any CPU
		{16D0A24B-7EF4-48AE-B694-210DF61B7562}.Ad-Hoc|x64.Deploy.0 = Release|Any CPU
		{16D0A24B-7EF4-48AE-B694-210DF61B7562}.Ad-Hoc|x86.ActiveCfg = Release|Any CPU
		{16D0A24B-7EF4-48AE-B694-210DF61B7562}.Ad-Hoc|x86.Build.0 = Release|Any CPU
		{16D0A24B-7EF4-48AE-B694-210DF61B7562}.Ad-Hoc|x86.Deploy.0 = Release|Any CPU
		{16D0A24B-7EF4-48AE-B694-210DF61B7562}.AppStore|Any CPU.ActiveCfg = Release|Any CPU
		{16D0A24B-7EF4-48AE-B694-210DF61B7562}.AppStore|Any CPU.Build.0 = Release|Any CPU
		{16D0A24B-7EF4-48AE-B694-210DF61B7562}.AppStore|Any CPU.Deploy.0 = Release|Any CPU
		{16D0A24B-7EF4-48AE-B694-210DF61B7562}.AppStore|ARM.ActiveCfg = Release|Any CPU
		{16D0A24B-7EF4-48AE-B694-210DF61B7562}.AppStore|ARM.Build.0 = Release|Any CPU
		{16D0A24B-7EF4-48AE-B694-210DF61B7562}.AppStore|ARM.Deploy.0 = Release|Any CPU
		{16D0A24B-7EF4-48AE-B694-210DF61B7562}.AppStore|iPhone.ActiveCfg = Release|Any CPU
		{16D0A24B-7EF4-48AE-B694-210DF61B7562}.AppStore|iPhone.Build.0 = Release|Any CPU
		{16D0A24B-7EF4-48AE-B694-210DF61B7562}.AppStore|iPhone.Deploy.0 = Release|Any CPU
		{16D0A24B-7EF4-48AE-B694-210DF61B7562}.AppStore|iPhoneSimulator.ActiveCfg = Release|Any CPU
		{16D0A24B-7EF4-48AE-B694-210DF61B7562}.AppStore|iPhoneSimulator.Build.0 = Release|Any CPU
		{16D0A24B-7EF4-48AE-B694-210DF61B7562}.AppStore|iPhoneSimulator.Deploy.0 = Release|Any CPU
		{16D0A24B-7EF4-48AE-B694-210DF61B7562}.AppStore|x64.ActiveCfg = Release|Any CPU
		{16D0A24B-7EF4-48AE-B694-210DF61B7562}.AppStore|x64.Build.0 = Release|Any CPU
		{16D0A24B-7EF4-48AE-B694-210DF61B7562}.AppStore|x64.Deploy.0 = Release|Any CPU
		{16D0A24B-7EF4-48AE-B694-210DF61B7562}.AppStore|x86.ActiveCfg = Release|Any CPU
		{16D0A24B-7EF4-48AE-B694-210DF61B7562}.AppStore|x86.Build.0 = Release|Any CPU
		{16D0A24B-7EF4-48AE-B694-210DF61B7562}.AppStore|x86.Deploy.0 = Release|Any CPU
		{16D0A24B-7EF4-48AE-B694-210DF61B7562}.Debug|Any CPU.ActiveCfg = Debug|Any CPU
		{16D0A24B-7EF4-48AE-B694-210DF61B7562}.Debug|Any CPU.Build.0 = Debug|Any CPU
		{16D0A24B-7EF4-48AE-B694-210DF61B7562}.Debug|Any CPU.Deploy.0 = Debug|Any CPU
		{16D0A24B-7EF4-48AE-B694-210DF61B7562}.Debug|ARM.ActiveCfg = Debug|Any CPU
		{16D0A24B-7EF4-48AE-B694-210DF61B7562}.Debug|ARM.Build.0 = Debug|Any CPU
		{16D0A24B-7EF4-48AE-B694-210DF61B7562}.Debug|ARM.Deploy.0 = Debug|Any CPU
		{16D0A24B-7EF4-48AE-B694-210DF61B7562}.Debug|iPhone.ActiveCfg = Debug|Any CPU
		{16D0A24B-7EF4-48AE-B694-210DF61B7562}.Debug|iPhone.Build.0 = Debug|Any CPU
		{16D0A24B-7EF4-48AE-B694-210DF61B7562}.Debug|iPhone.Deploy.0 = Debug|Any CPU
		{16D0A24B-7EF4-48AE-B694-210DF61B7562}.Debug|iPhoneSimulator.ActiveCfg = Debug|Any CPU
		{16D0A24B-7EF4-48AE-B694-210DF61B7562}.Debug|iPhoneSimulator.Build.0 = Debug|Any CPU
		{16D0A24B-7EF4-48AE-B694-210DF61B7562}.Debug|iPhoneSimulator.Deploy.0 = Debug|Any CPU
		{16D0A24B-7EF4-48AE-B694-210DF61B7562}.Debug|x64.ActiveCfg = Debug|Any CPU
		{16D0A24B-7EF4-48AE-B694-210DF61B7562}.Debug|x64.Build.0 = Debug|Any CPU
		{16D0A24B-7EF4-48AE-B694-210DF61B7562}.Debug|x64.Deploy.0 = Debug|Any CPU
		{16D0A24B-7EF4-48AE-B694-210DF61B7562}.Debug|x86.ActiveCfg = Debug|Any CPU
		{16D0A24B-7EF4-48AE-B694-210DF61B7562}.Debug|x86.Build.0 = Debug|Any CPU
		{16D0A24B-7EF4-48AE-B694-210DF61B7562}.Debug|x86.Deploy.0 = Debug|Any CPU
		{16D0A24B-7EF4-48AE-B694-210DF61B7562}.Release|Any CPU.ActiveCfg = Release|Any CPU
		{16D0A24B-7EF4-48AE-B694-210DF61B7562}.Release|Any CPU.Build.0 = Release|Any CPU
		{16D0A24B-7EF4-48AE-B694-210DF61B7562}.Release|Any CPU.Deploy.0 = Release|Any CPU
		{16D0A24B-7EF4-48AE-B694-210DF61B7562}.Release|ARM.ActiveCfg = Release|Any CPU
		{16D0A24B-7EF4-48AE-B694-210DF61B7562}.Release|ARM.Build.0 = Release|Any CPU
		{16D0A24B-7EF4-48AE-B694-210DF61B7562}.Release|ARM.Deploy.0 = Release|Any CPU
		{16D0A24B-7EF4-48AE-B694-210DF61B7562}.Release|iPhone.ActiveCfg = Release|Any CPU
		{16D0A24B-7EF4-48AE-B694-210DF61B7562}.Release|iPhone.Build.0 = Release|Any CPU
		{16D0A24B-7EF4-48AE-B694-210DF61B7562}.Release|iPhone.Deploy.0 = Release|Any CPU
		{16D0A24B-7EF4-48AE-B694-210DF61B7562}.Release|iPhoneSimulator.ActiveCfg = Release|Any CPU
		{16D0A24B-7EF4-48AE-B694-210DF61B7562}.Release|iPhoneSimulator.Build.0 = Release|Any CPU
		{16D0A24B-7EF4-48AE-B694-210DF61B7562}.Release|iPhoneSimulator.Deploy.0 = Release|Any CPU
		{16D0A24B-7EF4-48AE-B694-210DF61B7562}.Release|x64.ActiveCfg = Release|Any CPU
		{16D0A24B-7EF4-48AE-B694-210DF61B7562}.Release|x64.Build.0 = Release|Any CPU
		{16D0A24B-7EF4-48AE-B694-210DF61B7562}.Release|x64.Deploy.0 = Release|Any CPU
		{16D0A24B-7EF4-48AE-B694-210DF61B7562}.Release|x86.ActiveCfg = Release|Any CPU
		{16D0A24B-7EF4-48AE-B694-210DF61B7562}.Release|x86.Build.0 = Release|Any CPU
		{16D0A24B-7EF4-48AE-B694-210DF61B7562}.Release|x86.Deploy.0 = Release|Any CPU
		{30AE7E44-5453-4E15-8593-048F649DFBF1}.Ad-Hoc|Any CPU.ActiveCfg = Ad-Hoc|iPhone
		{30AE7E44-5453-4E15-8593-048F649DFBF1}.Ad-Hoc|ARM.ActiveCfg = Ad-Hoc|iPhone
		{30AE7E44-5453-4E15-8593-048F649DFBF1}.Ad-Hoc|iPhone.ActiveCfg = Ad-Hoc|iPhone
		{30AE7E44-5453-4E15-8593-048F649DFBF1}.Ad-Hoc|iPhone.Build.0 = Ad-Hoc|iPhone
		{30AE7E44-5453-4E15-8593-048F649DFBF1}.Ad-Hoc|iPhoneSimulator.ActiveCfg = Ad-Hoc|iPhoneSimulator
		{30AE7E44-5453-4E15-8593-048F649DFBF1}.Ad-Hoc|iPhoneSimulator.Build.0 = Ad-Hoc|iPhoneSimulator
		{30AE7E44-5453-4E15-8593-048F649DFBF1}.Ad-Hoc|x64.ActiveCfg = Ad-Hoc|iPhone
		{30AE7E44-5453-4E15-8593-048F649DFBF1}.Ad-Hoc|x86.ActiveCfg = Ad-Hoc|iPhone
		{30AE7E44-5453-4E15-8593-048F649DFBF1}.AppStore|Any CPU.ActiveCfg = AppStore|iPhone
		{30AE7E44-5453-4E15-8593-048F649DFBF1}.AppStore|ARM.ActiveCfg = AppStore|iPhone
		{30AE7E44-5453-4E15-8593-048F649DFBF1}.AppStore|iPhone.ActiveCfg = AppStore|iPhone
		{30AE7E44-5453-4E15-8593-048F649DFBF1}.AppStore|iPhone.Build.0 = AppStore|iPhone
		{30AE7E44-5453-4E15-8593-048F649DFBF1}.AppStore|iPhoneSimulator.ActiveCfg = AppStore|iPhoneSimulator
		{30AE7E44-5453-4E15-8593-048F649DFBF1}.AppStore|iPhoneSimulator.Build.0 = AppStore|iPhoneSimulator
		{30AE7E44-5453-4E15-8593-048F649DFBF1}.AppStore|x64.ActiveCfg = AppStore|iPhone
		{30AE7E44-5453-4E15-8593-048F649DFBF1}.AppStore|x86.ActiveCfg = AppStore|iPhone
		{30AE7E44-5453-4E15-8593-048F649DFBF1}.Debug|Any CPU.ActiveCfg = Debug|iPhone
		{30AE7E44-5453-4E15-8593-048F649DFBF1}.Debug|ARM.ActiveCfg = Debug|iPhone
		{30AE7E44-5453-4E15-8593-048F649DFBF1}.Debug|iPhone.ActiveCfg = Debug|iPhone
		{30AE7E44-5453-4E15-8593-048F649DFBF1}.Debug|iPhone.Build.0 = Debug|iPhone
		{30AE7E44-5453-4E15-8593-048F649DFBF1}.Debug|iPhoneSimulator.ActiveCfg = Debug|iPhoneSimulator
		{30AE7E44-5453-4E15-8593-048F649DFBF1}.Debug|iPhoneSimulator.Build.0 = Debug|iPhoneSimulator
		{30AE7E44-5453-4E15-8593-048F649DFBF1}.Debug|x64.ActiveCfg = Debug|iPhone
		{30AE7E44-5453-4E15-8593-048F649DFBF1}.Debug|x86.ActiveCfg = Debug|iPhone
		{30AE7E44-5453-4E15-8593-048F649DFBF1}.Release|Any CPU.ActiveCfg = Release|iPhone
		{30AE7E44-5453-4E15-8593-048F649DFBF1}.Release|ARM.ActiveCfg = Release|iPhone
		{30AE7E44-5453-4E15-8593-048F649DFBF1}.Release|iPhone.ActiveCfg = Release|iPhone
		{30AE7E44-5453-4E15-8593-048F649DFBF1}.Release|iPhone.Build.0 = Release|iPhone
		{30AE7E44-5453-4E15-8593-048F649DFBF1}.Release|iPhoneSimulator.ActiveCfg = Release|iPhoneSimulator
		{30AE7E44-5453-4E15-8593-048F649DFBF1}.Release|iPhoneSimulator.Build.0 = Release|iPhoneSimulator
		{30AE7E44-5453-4E15-8593-048F649DFBF1}.Release|x64.ActiveCfg = Release|iPhone
		{30AE7E44-5453-4E15-8593-048F649DFBF1}.Release|x86.ActiveCfg = Release|iPhone
		{C49BBBD5-7B5D-491E-8E77-0F55B6529991}.Ad-Hoc|Any CPU.ActiveCfg = Release|Any CPU
		{C49BBBD5-7B5D-491E-8E77-0F55B6529991}.Ad-Hoc|Any CPU.Build.0 = Release|Any CPU
		{C49BBBD5-7B5D-491E-8E77-0F55B6529991}.Ad-Hoc|Any CPU.Deploy.0 = Release|Any CPU
		{C49BBBD5-7B5D-491E-8E77-0F55B6529991}.Ad-Hoc|ARM.ActiveCfg = Release|ARM
		{C49BBBD5-7B5D-491E-8E77-0F55B6529991}.Ad-Hoc|ARM.Build.0 = Release|ARM
		{C49BBBD5-7B5D-491E-8E77-0F55B6529991}.Ad-Hoc|ARM.Deploy.0 = Release|ARM
		{C49BBBD5-7B5D-491E-8E77-0F55B6529991}.Ad-Hoc|iPhone.ActiveCfg = Release|Any CPU
		{C49BBBD5-7B5D-491E-8E77-0F55B6529991}.Ad-Hoc|iPhone.Build.0 = Release|Any CPU
		{C49BBBD5-7B5D-491E-8E77-0F55B6529991}.Ad-Hoc|iPhone.Deploy.0 = Release|Any CPU
		{C49BBBD5-7B5D-491E-8E77-0F55B6529991}.Ad-Hoc|iPhoneSimulator.ActiveCfg = Release|Any CPU
		{C49BBBD5-7B5D-491E-8E77-0F55B6529991}.Ad-Hoc|iPhoneSimulator.Build.0 = Release|Any CPU
		{C49BBBD5-7B5D-491E-8E77-0F55B6529991}.Ad-Hoc|iPhoneSimulator.Deploy.0 = Release|Any CPU
		{C49BBBD5-7B5D-491E-8E77-0F55B6529991}.Ad-Hoc|x64.ActiveCfg = Release|Any CPU
		{C49BBBD5-7B5D-491E-8E77-0F55B6529991}.Ad-Hoc|x64.Build.0 = Release|Any CPU
		{C49BBBD5-7B5D-491E-8E77-0F55B6529991}.Ad-Hoc|x64.Deploy.0 = Release|Any CPU
		{C49BBBD5-7B5D-491E-8E77-0F55B6529991}.Ad-Hoc|x86.ActiveCfg = Release|x86
		{C49BBBD5-7B5D-491E-8E77-0F55B6529991}.Ad-Hoc|x86.Build.0 = Release|x86
		{C49BBBD5-7B5D-491E-8E77-0F55B6529991}.Ad-Hoc|x86.Deploy.0 = Release|x86
		{C49BBBD5-7B5D-491E-8E77-0F55B6529991}.AppStore|Any CPU.ActiveCfg = Release|Any CPU
		{C49BBBD5-7B5D-491E-8E77-0F55B6529991}.AppStore|Any CPU.Build.0 = Release|Any CPU
		{C49BBBD5-7B5D-491E-8E77-0F55B6529991}.AppStore|Any CPU.Deploy.0 = Release|Any CPU
		{C49BBBD5-7B5D-491E-8E77-0F55B6529991}.AppStore|ARM.ActiveCfg = Release|ARM
		{C49BBBD5-7B5D-491E-8E77-0F55B6529991}.AppStore|ARM.Build.0 = Release|ARM
		{C49BBBD5-7B5D-491E-8E77-0F55B6529991}.AppStore|ARM.Deploy.0 = Release|ARM
		{C49BBBD5-7B5D-491E-8E77-0F55B6529991}.AppStore|iPhone.ActiveCfg = Release|Any CPU
		{C49BBBD5-7B5D-491E-8E77-0F55B6529991}.AppStore|iPhone.Build.0 = Release|Any CPU
		{C49BBBD5-7B5D-491E-8E77-0F55B6529991}.AppStore|iPhone.Deploy.0 = Release|Any CPU
		{C49BBBD5-7B5D-491E-8E77-0F55B6529991}.AppStore|iPhoneSimulator.ActiveCfg = Release|Any CPU
		{C49BBBD5-7B5D-491E-8E77-0F55B6529991}.AppStore|iPhoneSimulator.Build.0 = Release|Any CPU
		{C49BBBD5-7B5D-491E-8E77-0F55B6529991}.AppStore|iPhoneSimulator.Deploy.0 = Release|Any CPU
		{C49BBBD5-7B5D-491E-8E77-0F55B6529991}.AppStore|x64.ActiveCfg = Release|Any CPU
		{C49BBBD5-7B5D-491E-8E77-0F55B6529991}.AppStore|x64.Build.0 = Release|Any CPU
		{C49BBBD5-7B5D-491E-8E77-0F55B6529991}.AppStore|x64.Deploy.0 = Release|Any CPU
		{C49BBBD5-7B5D-491E-8E77-0F55B6529991}.AppStore|x86.ActiveCfg = Release|x86
		{C49BBBD5-7B5D-491E-8E77-0F55B6529991}.AppStore|x86.Build.0 = Release|x86
		{C49BBBD5-7B5D-491E-8E77-0F55B6529991}.AppStore|x86.Deploy.0 = Release|x86
		{C49BBBD5-7B5D-491E-8E77-0F55B6529991}.Debug|Any CPU.ActiveCfg = Debug|Any CPU
		{C49BBBD5-7B5D-491E-8E77-0F55B6529991}.Debug|Any CPU.Build.0 = Debug|Any CPU
		{C49BBBD5-7B5D-491E-8E77-0F55B6529991}.Debug|Any CPU.Deploy.0 = Debug|Any CPU
		{C49BBBD5-7B5D-491E-8E77-0F55B6529991}.Debug|ARM.ActiveCfg = Debug|ARM
		{C49BBBD5-7B5D-491E-8E77-0F55B6529991}.Debug|ARM.Build.0 = Debug|ARM
		{C49BBBD5-7B5D-491E-8E77-0F55B6529991}.Debug|ARM.Deploy.0 = Debug|ARM
		{C49BBBD5-7B5D-491E-8E77-0F55B6529991}.Debug|iPhone.ActiveCfg = Debug|Any CPU
		{C49BBBD5-7B5D-491E-8E77-0F55B6529991}.Debug|iPhone.Build.0 = Debug|Any CPU
		{C49BBBD5-7B5D-491E-8E77-0F55B6529991}.Debug|iPhone.Deploy.0 = Debug|Any CPU
		{C49BBBD5-7B5D-491E-8E77-0F55B6529991}.Debug|iPhoneSimulator.ActiveCfg = Debug|Any CPU
		{C49BBBD5-7B5D-491E-8E77-0F55B6529991}.Debug|iPhoneSimulator.Build.0 = Debug|Any CPU
		{C49BBBD5-7B5D-491E-8E77-0F55B6529991}.Debug|iPhoneSimulator.Deploy.0 = Debug|Any CPU
		{C49BBBD5-7B5D-491E-8E77-0F55B6529991}.Debug|x64.ActiveCfg = Debug|Any CPU
		{C49BBBD5-7B5D-491E-8E77-0F55B6529991}.Debug|x64.Build.0 = Debug|Any CPU
		{C49BBBD5-7B5D-491E-8E77-0F55B6529991}.Debug|x64.Deploy.0 = Debug|Any CPU
		{C49BBBD5-7B5D-491E-8E77-0F55B6529991}.Debug|x86.ActiveCfg = Debug|x86
		{C49BBBD5-7B5D-491E-8E77-0F55B6529991}.Debug|x86.Build.0 = Debug|x86
		{C49BBBD5-7B5D-491E-8E77-0F55B6529991}.Debug|x86.Deploy.0 = Debug|x86
		{C49BBBD5-7B5D-491E-8E77-0F55B6529991}.Release|Any CPU.ActiveCfg = Release|Any CPU
		{C49BBBD5-7B5D-491E-8E77-0F55B6529991}.Release|Any CPU.Build.0 = Release|Any CPU
		{C49BBBD5-7B5D-491E-8E77-0F55B6529991}.Release|Any CPU.Deploy.0 = Release|Any CPU
		{C49BBBD5-7B5D-491E-8E77-0F55B6529991}.Release|ARM.ActiveCfg = Release|ARM
		{C49BBBD5-7B5D-491E-8E77-0F55B6529991}.Release|ARM.Build.0 = Release|ARM
		{C49BBBD5-7B5D-491E-8E77-0F55B6529991}.Release|ARM.Deploy.0 = Release|ARM
		{C49BBBD5-7B5D-491E-8E77-0F55B6529991}.Release|iPhone.ActiveCfg = Release|Any CPU
		{C49BBBD5-7B5D-491E-8E77-0F55B6529991}.Release|iPhone.Build.0 = Release|Any CPU
		{C49BBBD5-7B5D-491E-8E77-0F55B6529991}.Release|iPhone.Deploy.0 = Release|Any CPU
		{C49BBBD5-7B5D-491E-8E77-0F55B6529991}.Release|iPhoneSimulator.ActiveCfg = Release|Any CPU
		{C49BBBD5-7B5D-491E-8E77-0F55B6529991}.Release|iPhoneSimulator.Build.0 = Release|Any CPU
		{C49BBBD5-7B5D-491E-8E77-0F55B6529991}.Release|iPhoneSimulator.Deploy.0 = Release|Any CPU
		{C49BBBD5-7B5D-491E-8E77-0F55B6529991}.Release|x64.ActiveCfg = Release|Any CPU
		{C49BBBD5-7B5D-491E-8E77-0F55B6529991}.Release|x64.Build.0 = Release|Any CPU
		{C49BBBD5-7B5D-491E-8E77-0F55B6529991}.Release|x64.Deploy.0 = Release|Any CPU
		{C49BBBD5-7B5D-491E-8E77-0F55B6529991}.Release|x86.ActiveCfg = Release|x86
		{C49BBBD5-7B5D-491E-8E77-0F55B6529991}.Release|x86.Build.0 = Release|x86
		{C49BBBD5-7B5D-491E-8E77-0F55B6529991}.Release|x86.Deploy.0 = Release|x86
		{72631AAA-72CA-4AC9-938D-3B161AD19A33}.Ad-Hoc|Any CPU.ActiveCfg = Release|x86
		{72631AAA-72CA-4AC9-938D-3B161AD19A33}.Ad-Hoc|Any CPU.Build.0 = Release|x86
		{72631AAA-72CA-4AC9-938D-3B161AD19A33}.Ad-Hoc|Any CPU.Deploy.0 = Release|x86
		{72631AAA-72CA-4AC9-938D-3B161AD19A33}.Ad-Hoc|ARM.ActiveCfg = Release|ARM
		{72631AAA-72CA-4AC9-938D-3B161AD19A33}.Ad-Hoc|ARM.Build.0 = Release|ARM
		{72631AAA-72CA-4AC9-938D-3B161AD19A33}.Ad-Hoc|ARM.Deploy.0 = Release|ARM
		{72631AAA-72CA-4AC9-938D-3B161AD19A33}.Ad-Hoc|iPhone.ActiveCfg = Release|x86
		{72631AAA-72CA-4AC9-938D-3B161AD19A33}.Ad-Hoc|iPhone.Build.0 = Release|x86
		{72631AAA-72CA-4AC9-938D-3B161AD19A33}.Ad-Hoc|iPhone.Deploy.0 = Release|x86
		{72631AAA-72CA-4AC9-938D-3B161AD19A33}.Ad-Hoc|iPhoneSimulator.ActiveCfg = Release|x86
		{72631AAA-72CA-4AC9-938D-3B161AD19A33}.Ad-Hoc|iPhoneSimulator.Build.0 = Release|x86
		{72631AAA-72CA-4AC9-938D-3B161AD19A33}.Ad-Hoc|iPhoneSimulator.Deploy.0 = Release|x86
		{72631AAA-72CA-4AC9-938D-3B161AD19A33}.Ad-Hoc|x64.ActiveCfg = Release|x64
		{72631AAA-72CA-4AC9-938D-3B161AD19A33}.Ad-Hoc|x64.Build.0 = Release|x64
		{72631AAA-72CA-4AC9-938D-3B161AD19A33}.Ad-Hoc|x64.Deploy.0 = Release|x64
		{72631AAA-72CA-4AC9-938D-3B161AD19A33}.Ad-Hoc|x86.ActiveCfg = Release|x86
		{72631AAA-72CA-4AC9-938D-3B161AD19A33}.Ad-Hoc|x86.Build.0 = Release|x86
		{72631AAA-72CA-4AC9-938D-3B161AD19A33}.Ad-Hoc|x86.Deploy.0 = Release|x86
		{72631AAA-72CA-4AC9-938D-3B161AD19A33}.AppStore|Any CPU.ActiveCfg = Release|x86
		{72631AAA-72CA-4AC9-938D-3B161AD19A33}.AppStore|Any CPU.Build.0 = Release|x86
		{72631AAA-72CA-4AC9-938D-3B161AD19A33}.AppStore|Any CPU.Deploy.0 = Release|x86
		{72631AAA-72CA-4AC9-938D-3B161AD19A33}.AppStore|ARM.ActiveCfg = Release|ARM
		{72631AAA-72CA-4AC9-938D-3B161AD19A33}.AppStore|ARM.Build.0 = Release|ARM
		{72631AAA-72CA-4AC9-938D-3B161AD19A33}.AppStore|ARM.Deploy.0 = Release|ARM
		{72631AAA-72CA-4AC9-938D-3B161AD19A33}.AppStore|iPhone.ActiveCfg = Release|x86
		{72631AAA-72CA-4AC9-938D-3B161AD19A33}.AppStore|iPhone.Build.0 = Release|x86
		{72631AAA-72CA-4AC9-938D-3B161AD19A33}.AppStore|iPhone.Deploy.0 = Release|x86
		{72631AAA-72CA-4AC9-938D-3B161AD19A33}.AppStore|iPhoneSimulator.ActiveCfg = Release|x86
		{72631AAA-72CA-4AC9-938D-3B161AD19A33}.AppStore|iPhoneSimulator.Build.0 = Release|x86
		{72631AAA-72CA-4AC9-938D-3B161AD19A33}.AppStore|iPhoneSimulator.Deploy.0 = Release|x86
		{72631AAA-72CA-4AC9-938D-3B161AD19A33}.AppStore|x64.ActiveCfg = Release|x64
		{72631AAA-72CA-4AC9-938D-3B161AD19A33}.AppStore|x64.Build.0 = Release|x64
		{72631AAA-72CA-4AC9-938D-3B161AD19A33}.AppStore|x64.Deploy.0 = Release|x64
		{72631AAA-72CA-4AC9-938D-3B161AD19A33}.AppStore|x86.ActiveCfg = Release|x86
		{72631AAA-72CA-4AC9-938D-3B161AD19A33}.AppStore|x86.Build.0 = Release|x86
		{72631AAA-72CA-4AC9-938D-3B161AD19A33}.AppStore|x86.Deploy.0 = Release|x86
		{72631AAA-72CA-4AC9-938D-3B161AD19A33}.Debug|Any CPU.ActiveCfg = Debug|x86
		{72631AAA-72CA-4AC9-938D-3B161AD19A33}.Debug|ARM.ActiveCfg = Debug|ARM
		{72631AAA-72CA-4AC9-938D-3B161AD19A33}.Debug|ARM.Build.0 = Debug|ARM
		{72631AAA-72CA-4AC9-938D-3B161AD19A33}.Debug|ARM.Deploy.0 = Debug|ARM
		{72631AAA-72CA-4AC9-938D-3B161AD19A33}.Debug|iPhone.ActiveCfg = Debug|x86
		{72631AAA-72CA-4AC9-938D-3B161AD19A33}.Debug|iPhoneSimulator.ActiveCfg = Debug|x86
		{72631AAA-72CA-4AC9-938D-3B161AD19A33}.Debug|x64.ActiveCfg = Debug|x64
		{72631AAA-72CA-4AC9-938D-3B161AD19A33}.Debug|x64.Build.0 = Debug|x64
		{72631AAA-72CA-4AC9-938D-3B161AD19A33}.Debug|x64.Deploy.0 = Debug|x64
		{72631AAA-72CA-4AC9-938D-3B161AD19A33}.Debug|x86.ActiveCfg = Debug|x86
		{72631AAA-72CA-4AC9-938D-3B161AD19A33}.Debug|x86.Build.0 = Debug|x86
		{72631AAA-72CA-4AC9-938D-3B161AD19A33}.Debug|x86.Deploy.0 = Debug|x86
		{72631AAA-72CA-4AC9-938D-3B161AD19A33}.Release|Any CPU.ActiveCfg = Release|x86
		{72631AAA-72CA-4AC9-938D-3B161AD19A33}.Release|ARM.ActiveCfg = Release|ARM
		{72631AAA-72CA-4AC9-938D-3B161AD19A33}.Release|ARM.Build.0 = Release|ARM
		{72631AAA-72CA-4AC9-938D-3B161AD19A33}.Release|ARM.Deploy.0 = Release|ARM
		{72631AAA-72CA-4AC9-938D-3B161AD19A33}.Release|iPhone.ActiveCfg = Release|x86
		{72631AAA-72CA-4AC9-938D-3B161AD19A33}.Release|iPhoneSimulator.ActiveCfg = Release|x86
		{72631AAA-72CA-4AC9-938D-3B161AD19A33}.Release|x64.ActiveCfg = Release|x64
		{72631AAA-72CA-4AC9-938D-3B161AD19A33}.Release|x64.Build.0 = Release|x64
		{72631AAA-72CA-4AC9-938D-3B161AD19A33}.Release|x64.Deploy.0 = Release|x64
		{72631AAA-72CA-4AC9-938D-3B161AD19A33}.Release|x86.ActiveCfg = Release|x86
		{72631AAA-72CA-4AC9-938D-3B161AD19A33}.Release|x86.Build.0 = Release|x86
		{72631AAA-72CA-4AC9-938D-3B161AD19A33}.Release|x86.Deploy.0 = Release|x86
		{8CE95CFB-25FD-4748-BE0D-E36C5D40898D}.Ad-Hoc|Any CPU.ActiveCfg = Release|Any CPU
		{8CE95CFB-25FD-4748-BE0D-E36C5D40898D}.Ad-Hoc|Any CPU.Build.0 = Release|Any CPU
		{8CE95CFB-25FD-4748-BE0D-E36C5D40898D}.Ad-Hoc|Any CPU.Deploy.0 = Release|Any CPU
		{8CE95CFB-25FD-4748-BE0D-E36C5D40898D}.Ad-Hoc|ARM.ActiveCfg = Release|ARM
		{8CE95CFB-25FD-4748-BE0D-E36C5D40898D}.Ad-Hoc|ARM.Build.0 = Release|ARM
		{8CE95CFB-25FD-4748-BE0D-E36C5D40898D}.Ad-Hoc|ARM.Deploy.0 = Release|ARM
		{8CE95CFB-25FD-4748-BE0D-E36C5D40898D}.Ad-Hoc|iPhone.ActiveCfg = Release|Any CPU
		{8CE95CFB-25FD-4748-BE0D-E36C5D40898D}.Ad-Hoc|iPhone.Build.0 = Release|Any CPU
		{8CE95CFB-25FD-4748-BE0D-E36C5D40898D}.Ad-Hoc|iPhone.Deploy.0 = Release|Any CPU
		{8CE95CFB-25FD-4748-BE0D-E36C5D40898D}.Ad-Hoc|iPhoneSimulator.ActiveCfg = Release|Any CPU
		{8CE95CFB-25FD-4748-BE0D-E36C5D40898D}.Ad-Hoc|iPhoneSimulator.Build.0 = Release|Any CPU
		{8CE95CFB-25FD-4748-BE0D-E36C5D40898D}.Ad-Hoc|iPhoneSimulator.Deploy.0 = Release|Any CPU
		{8CE95CFB-25FD-4748-BE0D-E36C5D40898D}.Ad-Hoc|x64.ActiveCfg = Release|x64
		{8CE95CFB-25FD-4748-BE0D-E36C5D40898D}.Ad-Hoc|x64.Build.0 = Release|x64
		{8CE95CFB-25FD-4748-BE0D-E36C5D40898D}.Ad-Hoc|x64.Deploy.0 = Release|x64
		{8CE95CFB-25FD-4748-BE0D-E36C5D40898D}.Ad-Hoc|x86.ActiveCfg = Release|x86
		{8CE95CFB-25FD-4748-BE0D-E36C5D40898D}.Ad-Hoc|x86.Build.0 = Release|x86
		{8CE95CFB-25FD-4748-BE0D-E36C5D40898D}.Ad-Hoc|x86.Deploy.0 = Release|x86
		{8CE95CFB-25FD-4748-BE0D-E36C5D40898D}.AppStore|Any CPU.ActiveCfg = Release|Any CPU
		{8CE95CFB-25FD-4748-BE0D-E36C5D40898D}.AppStore|Any CPU.Build.0 = Release|Any CPU
		{8CE95CFB-25FD-4748-BE0D-E36C5D40898D}.AppStore|Any CPU.Deploy.0 = Release|Any CPU
		{8CE95CFB-25FD-4748-BE0D-E36C5D40898D}.AppStore|ARM.ActiveCfg = Release|ARM
		{8CE95CFB-25FD-4748-BE0D-E36C5D40898D}.AppStore|ARM.Build.0 = Release|ARM
		{8CE95CFB-25FD-4748-BE0D-E36C5D40898D}.AppStore|ARM.Deploy.0 = Release|ARM
		{8CE95CFB-25FD-4748-BE0D-E36C5D40898D}.AppStore|iPhone.ActiveCfg = Release|Any CPU
		{8CE95CFB-25FD-4748-BE0D-E36C5D40898D}.AppStore|iPhone.Build.0 = Release|Any CPU
		{8CE95CFB-25FD-4748-BE0D-E36C5D40898D}.AppStore|iPhone.Deploy.0 = Release|Any CPU
		{8CE95CFB-25FD-4748-BE0D-E36C5D40898D}.AppStore|iPhoneSimulator.ActiveCfg = Release|Any CPU
		{8CE95CFB-25FD-4748-BE0D-E36C5D40898D}.AppStore|iPhoneSimulator.Build.0 = Release|Any CPU
		{8CE95CFB-25FD-4748-BE0D-E36C5D40898D}.AppStore|iPhoneSimulator.Deploy.0 = Release|Any CPU
		{8CE95CFB-25FD-4748-BE0D-E36C5D40898D}.AppStore|x64.ActiveCfg = Release|x64
		{8CE95CFB-25FD-4748-BE0D-E36C5D40898D}.AppStore|x64.Build.0 = Release|x64
		{8CE95CFB-25FD-4748-BE0D-E36C5D40898D}.AppStore|x64.Deploy.0 = Release|x64
		{8CE95CFB-25FD-4748-BE0D-E36C5D40898D}.AppStore|x86.ActiveCfg = Release|x86
		{8CE95CFB-25FD-4748-BE0D-E36C5D40898D}.AppStore|x86.Build.0 = Release|x86
		{8CE95CFB-25FD-4748-BE0D-E36C5D40898D}.AppStore|x86.Deploy.0 = Release|x86
		{8CE95CFB-25FD-4748-BE0D-E36C5D40898D}.Debug|Any CPU.ActiveCfg = Debug|Any CPU
		{8CE95CFB-25FD-4748-BE0D-E36C5D40898D}.Debug|Any CPU.Build.0 = Debug|Any CPU
		{8CE95CFB-25FD-4748-BE0D-E36C5D40898D}.Debug|Any CPU.Deploy.0 = Debug|Any CPU
		{8CE95CFB-25FD-4748-BE0D-E36C5D40898D}.Debug|ARM.ActiveCfg = Debug|ARM
		{8CE95CFB-25FD-4748-BE0D-E36C5D40898D}.Debug|ARM.Build.0 = Debug|ARM
		{8CE95CFB-25FD-4748-BE0D-E36C5D40898D}.Debug|ARM.Deploy.0 = Debug|ARM
		{8CE95CFB-25FD-4748-BE0D-E36C5D40898D}.Debug|iPhone.ActiveCfg = Debug|Any CPU
		{8CE95CFB-25FD-4748-BE0D-E36C5D40898D}.Debug|iPhone.Build.0 = Debug|Any CPU
		{8CE95CFB-25FD-4748-BE0D-E36C5D40898D}.Debug|iPhone.Deploy.0 = Debug|Any CPU
		{8CE95CFB-25FD-4748-BE0D-E36C5D40898D}.Debug|iPhoneSimulator.ActiveCfg = Debug|Any CPU
		{8CE95CFB-25FD-4748-BE0D-E36C5D40898D}.Debug|iPhoneSimulator.Build.0 = Debug|Any CPU
		{8CE95CFB-25FD-4748-BE0D-E36C5D40898D}.Debug|iPhoneSimulator.Deploy.0 = Debug|Any CPU
		{8CE95CFB-25FD-4748-BE0D-E36C5D40898D}.Debug|x64.ActiveCfg = Debug|x64
		{8CE95CFB-25FD-4748-BE0D-E36C5D40898D}.Debug|x64.Build.0 = Debug|x64
		{8CE95CFB-25FD-4748-BE0D-E36C5D40898D}.Debug|x64.Deploy.0 = Debug|x64
		{8CE95CFB-25FD-4748-BE0D-E36C5D40898D}.Debug|x86.ActiveCfg = Debug|x86
		{8CE95CFB-25FD-4748-BE0D-E36C5D40898D}.Debug|x86.Build.0 = Debug|x86
		{8CE95CFB-25FD-4748-BE0D-E36C5D40898D}.Debug|x86.Deploy.0 = Debug|x86
		{8CE95CFB-25FD-4748-BE0D-E36C5D40898D}.Release|Any CPU.ActiveCfg = Release|Any CPU
		{8CE95CFB-25FD-4748-BE0D-E36C5D40898D}.Release|Any CPU.Build.0 = Release|Any CPU
		{8CE95CFB-25FD-4748-BE0D-E36C5D40898D}.Release|Any CPU.Deploy.0 = Release|Any CPU
		{8CE95CFB-25FD-4748-BE0D-E36C5D40898D}.Release|ARM.ActiveCfg = Release|ARM
		{8CE95CFB-25FD-4748-BE0D-E36C5D40898D}.Release|ARM.Build.0 = Release|ARM
		{8CE95CFB-25FD-4748-BE0D-E36C5D40898D}.Release|ARM.Deploy.0 = Release|ARM
		{8CE95CFB-25FD-4748-BE0D-E36C5D40898D}.Release|iPhone.ActiveCfg = Release|Any CPU
		{8CE95CFB-25FD-4748-BE0D-E36C5D40898D}.Release|iPhone.Build.0 = Release|Any CPU
		{8CE95CFB-25FD-4748-BE0D-E36C5D40898D}.Release|iPhone.Deploy.0 = Release|Any CPU
		{8CE95CFB-25FD-4748-BE0D-E36C5D40898D}.Release|iPhoneSimulator.ActiveCfg = Release|Any CPU
		{8CE95CFB-25FD-4748-BE0D-E36C5D40898D}.Release|iPhoneSimulator.Build.0 = Release|Any CPU
		{8CE95CFB-25FD-4748-BE0D-E36C5D40898D}.Release|iPhoneSimulator.Deploy.0 = Release|Any CPU
		{8CE95CFB-25FD-4748-BE0D-E36C5D40898D}.Release|x64.ActiveCfg = Release|x64
		{8CE95CFB-25FD-4748-BE0D-E36C5D40898D}.Release|x64.Build.0 = Release|x64
		{8CE95CFB-25FD-4748-BE0D-E36C5D40898D}.Release|x64.Deploy.0 = Release|x64
		{8CE95CFB-25FD-4748-BE0D-E36C5D40898D}.Release|x86.ActiveCfg = Release|x86
		{8CE95CFB-25FD-4748-BE0D-E36C5D40898D}.Release|x86.Build.0 = Release|x86
		{8CE95CFB-25FD-4748-BE0D-E36C5D40898D}.Release|x86.Deploy.0 = Release|x86
		{F87CC9B5-16B1-4EFD-A012-F8331556A46E}.Ad-Hoc|Any CPU.ActiveCfg = Release|Any CPU
		{F87CC9B5-16B1-4EFD-A012-F8331556A46E}.Ad-Hoc|Any CPU.Build.0 = Release|Any CPU
		{F87CC9B5-16B1-4EFD-A012-F8331556A46E}.Ad-Hoc|ARM.ActiveCfg = Release|Any CPU
		{F87CC9B5-16B1-4EFD-A012-F8331556A46E}.Ad-Hoc|ARM.Build.0 = Release|Any CPU
		{F87CC9B5-16B1-4EFD-A012-F8331556A46E}.Ad-Hoc|iPhone.ActiveCfg = Release|Any CPU
		{F87CC9B5-16B1-4EFD-A012-F8331556A46E}.Ad-Hoc|iPhone.Build.0 = Release|Any CPU
		{F87CC9B5-16B1-4EFD-A012-F8331556A46E}.Ad-Hoc|iPhoneSimulator.ActiveCfg = Release|Any CPU
		{F87CC9B5-16B1-4EFD-A012-F8331556A46E}.Ad-Hoc|iPhoneSimulator.Build.0 = Release|Any CPU
		{F87CC9B5-16B1-4EFD-A012-F8331556A46E}.Ad-Hoc|x64.ActiveCfg = Release|Any CPU
		{F87CC9B5-16B1-4EFD-A012-F8331556A46E}.Ad-Hoc|x64.Build.0 = Release|Any CPU
		{F87CC9B5-16B1-4EFD-A012-F8331556A46E}.Ad-Hoc|x86.ActiveCfg = Release|Any CPU
		{F87CC9B5-16B1-4EFD-A012-F8331556A46E}.Ad-Hoc|x86.Build.0 = Release|Any CPU
		{F87CC9B5-16B1-4EFD-A012-F8331556A46E}.AppStore|Any CPU.ActiveCfg = Release|Any CPU
		{F87CC9B5-16B1-4EFD-A012-F8331556A46E}.AppStore|Any CPU.Build.0 = Release|Any CPU
		{F87CC9B5-16B1-4EFD-A012-F8331556A46E}.AppStore|ARM.ActiveCfg = Release|Any CPU
		{F87CC9B5-16B1-4EFD-A012-F8331556A46E}.AppStore|ARM.Build.0 = Release|Any CPU
		{F87CC9B5-16B1-4EFD-A012-F8331556A46E}.AppStore|iPhone.ActiveCfg = Release|Any CPU
		{F87CC9B5-16B1-4EFD-A012-F8331556A46E}.AppStore|iPhone.Build.0 = Release|Any CPU
		{F87CC9B5-16B1-4EFD-A012-F8331556A46E}.AppStore|iPhoneSimulator.ActiveCfg = Release|Any CPU
		{F87CC9B5-16B1-4EFD-A012-F8331556A46E}.AppStore|iPhoneSimulator.Build.0 = Release|Any CPU
		{F87CC9B5-16B1-4EFD-A012-F8331556A46E}.AppStore|x64.ActiveCfg = Release|Any CPU
		{F87CC9B5-16B1-4EFD-A012-F8331556A46E}.AppStore|x64.Build.0 = Release|Any CPU
		{F87CC9B5-16B1-4EFD-A012-F8331556A46E}.AppStore|x86.ActiveCfg = Release|Any CPU
		{F87CC9B5-16B1-4EFD-A012-F8331556A46E}.AppStore|x86.Build.0 = Release|Any CPU
		{F87CC9B5-16B1-4EFD-A012-F8331556A46E}.Debug|Any CPU.ActiveCfg = Debug|Any CPU
		{F87CC9B5-16B1-4EFD-A012-F8331556A46E}.Debug|Any CPU.Build.0 = Debug|Any CPU
		{F87CC9B5-16B1-4EFD-A012-F8331556A46E}.Debug|ARM.ActiveCfg = Debug|Any CPU
		{F87CC9B5-16B1-4EFD-A012-F8331556A46E}.Debug|ARM.Build.0 = Debug|Any CPU
		{F87CC9B5-16B1-4EFD-A012-F8331556A46E}.Debug|iPhone.ActiveCfg = Debug|Any CPU
		{F87CC9B5-16B1-4EFD-A012-F8331556A46E}.Debug|iPhone.Build.0 = Debug|Any CPU
		{F87CC9B5-16B1-4EFD-A012-F8331556A46E}.Debug|iPhoneSimulator.ActiveCfg = Debug|Any CPU
		{F87CC9B5-16B1-4EFD-A012-F8331556A46E}.Debug|iPhoneSimulator.Build.0 = Debug|Any CPU
		{F87CC9B5-16B1-4EFD-A012-F8331556A46E}.Debug|x64.ActiveCfg = Debug|Any CPU
		{F87CC9B5-16B1-4EFD-A012-F8331556A46E}.Debug|x64.Build.0 = Debug|Any CPU
		{F87CC9B5-16B1-4EFD-A012-F8331556A46E}.Debug|x86.ActiveCfg = Debug|Any CPU
		{F87CC9B5-16B1-4EFD-A012-F8331556A46E}.Debug|x86.Build.0 = Debug|Any CPU
		{F87CC9B5-16B1-4EFD-A012-F8331556A46E}.Release|Any CPU.ActiveCfg = Release|Any CPU
		{F87CC9B5-16B1-4EFD-A012-F8331556A46E}.Release|Any CPU.Build.0 = Release|Any CPU
		{F87CC9B5-16B1-4EFD-A012-F8331556A46E}.Release|ARM.ActiveCfg = Release|Any CPU
		{F87CC9B5-16B1-4EFD-A012-F8331556A46E}.Release|ARM.Build.0 = Release|Any CPU
		{F87CC9B5-16B1-4EFD-A012-F8331556A46E}.Release|iPhone.ActiveCfg = Release|Any CPU
		{F87CC9B5-16B1-4EFD-A012-F8331556A46E}.Release|iPhone.Build.0 = Release|Any CPU
		{F87CC9B5-16B1-4EFD-A012-F8331556A46E}.Release|iPhoneSimulator.ActiveCfg = Release|Any CPU
		{F87CC9B5-16B1-4EFD-A012-F8331556A46E}.Release|iPhoneSimulator.Build.0 = Release|Any CPU
		{F87CC9B5-16B1-4EFD-A012-F8331556A46E}.Release|x64.ActiveCfg = Release|Any CPU
		{F87CC9B5-16B1-4EFD-A012-F8331556A46E}.Release|x64.Build.0 = Release|Any CPU
		{F87CC9B5-16B1-4EFD-A012-F8331556A46E}.Release|x86.ActiveCfg = Release|Any CPU
		{F87CC9B5-16B1-4EFD-A012-F8331556A46E}.Release|x86.Build.0 = Release|Any CPU
	EndGlobalSection
	GlobalSection(SolutionProperties) = preSolution
		HideSolutionNode = FALSE
	EndGlobalSection
EndGlobal
