
Microsoft Visual Studio Solution File, Format Version 12.00
# Visual Studio 14
VisualStudioVersion = 14.0.25420.1
MinimumVisualStudioVersion = 10.0.40219.1
Project("{FAE04EC0-301F-11D3-BF4B-00C04F79EFBC}") = "MasterContentViews.Droid", "MasterDetailContentViews\MasterDetailContentViews.Droid\MasterContentViews.Droid.csproj", "{ED9C60DD-6DB0-411D-983B-917DB862A7AE}"
EndProject
Project("{FAE04EC0-301F-11D3-BF4B-00C04F79EFBC}") = "MasterDetailContentViews.iOS", "MasterDetailContentViews\MasterDetailContentViews.iOS\MasterDetailContentViews.iOS.csproj", "{57B177ED-BA10-4772-91FC-0FC89552F72A}"
EndProject
Project("{FAE04EC0-301F-11D3-BF4B-00C04F79EFBC}") = "MasterDetailContentViews.WinPhone", "MasterDetailContentViews\MasterDetailContentViews.WinPhone\MasterDetailContentViews.WinPhone.csproj", "{B44F990B-2048-4A25-B7F6-40181EB59135}"
EndProject
Project("{FAE04EC0-301F-11D3-BF4B-00C04F79EFBC}") = "MasterDetailContentViews.UWP", "MasterDetailContentViews\MasterDetailContentViews.UWP\MasterDetailContentViews.UWP.csproj", "{4B2E933E-C94F-4BDF-A4E7-8AD986C98D57}"
EndProject
Project("{FAE04EC0-301F-11D3-BF4B-00C04F79EFBC}") = "MasterDetailContentViews.Windows", "MasterDetailContentViews\MasterDetailContentViews.Windows\MasterDetailContentViews.Windows.csproj", "{BFD8666F-E9FF-4BE9-888A-5F719A1E4C0A}"
EndProject
Project("{FAE04EC0-301F-11D3-BF4B-00C04F79EFBC}") = "MasterContentViews", "MasterDetailContentViews\MasterDetailContentViews\MasterContentViews.csproj", "{41DAFA8F-18E9-4492-A11E-C8C58EAF4230}"
EndProject
Global
	GlobalSection(SolutionConfigurationPlatforms) = preSolution
		Ad-Hoc|Any CPU = Ad-Hoc|Any CPU
		Ad-Hoc|ARM = Ad-Hoc|ARM
		Ad-Hoc|iPhone = Ad-Hoc|iPhone
		Ad-Hoc|iPhoneSimulator = Ad-Hoc|iPhoneSimulator
		Ad-Hoc|x64 = Ad-Hoc|x64
		Ad-Hoc|x86 = Ad-Hoc|x86
		AppStore|Any CPU = AppStore|Any CPU
		AppStore|ARM = AppStore|ARM
		AppStore|iPhone = AppStore|iPhone
		AppStore|iPhoneSimulator = AppStore|iPhoneSimulator
		AppStore|x64 = AppStore|x64
		AppStore|x86 = AppStore|x86
		Debug|Any CPU = Debug|Any CPU
		Debug|ARM = Debug|ARM
		Debug|iPhone = Debug|iPhone
		Debug|iPhoneSimulator = Debug|iPhoneSimulator
		Debug|x64 = Debug|x64
		Debug|x86 = Debug|x86
		Release|Any CPU = Release|Any CPU
		Release|ARM = Release|ARM
		Release|iPhone = Release|iPhone
		Release|iPhoneSimulator = Release|iPhoneSimulator
		Release|x64 = Release|x64
		Release|x86 = Release|x86
	EndGlobalSection
	GlobalSection(ProjectConfigurationPlatforms) = postSolution
		{ED9C60DD-6DB0-411D-983B-917DB862A7AE}.Ad-Hoc|Any CPU.ActiveCfg = Release|Any CPU
		{ED9C60DD-6DB0-411D-983B-917DB862A7AE}.Ad-Hoc|Any CPU.Build.0 = Release|Any CPU
		{ED9C60DD-6DB0-411D-983B-917DB862A7AE}.Ad-Hoc|Any CPU.Deploy.0 = Release|Any CPU
		{ED9C60DD-6DB0-411D-983B-917DB862A7AE}.Ad-Hoc|ARM.ActiveCfg = Release|Any CPU
		{ED9C60DD-6DB0-411D-983B-917DB862A7AE}.Ad-Hoc|ARM.Build.0 = Release|Any CPU
		{ED9C60DD-6DB0-411D-983B-917DB862A7AE}.Ad-Hoc|ARM.Deploy.0 = Release|Any CPU
		{ED9C60DD-6DB0-411D-983B-917DB862A7AE}.Ad-Hoc|iPhone.ActiveCfg = Release|Any CPU
		{ED9C60DD-6DB0-411D-983B-917DB862A7AE}.Ad-Hoc|iPhone.Build.0 = Release|Any CPU
		{ED9C60DD-6DB0-411D-983B-917DB862A7AE}.Ad-Hoc|iPhone.Deploy.0 = Release|Any CPU
		{ED9C60DD-6DB0-411D-983B-917DB862A7AE}.Ad-Hoc|iPhoneSimulator.ActiveCfg = Release|Any CPU
		{ED9C60DD-6DB0-411D-983B-917DB862A7AE}.Ad-Hoc|iPhoneSimulator.Build.0 = Release|Any CPU
		{ED9C60DD-6DB0-411D-983B-917DB862A7AE}.Ad-Hoc|iPhoneSimulator.Deploy.0 = Release|Any CPU
		{ED9C60DD-6DB0-411D-983B-917DB862A7AE}.Ad-Hoc|x64.ActiveCfg = Release|Any CPU
		{ED9C60DD-6DB0-411D-983B-917DB862A7AE}.Ad-Hoc|x64.Build.0 = Release|Any CPU
		{ED9C60DD-6DB0-411D-983B-917DB862A7AE}.Ad-Hoc|x64.Deploy.0 = Release|Any CPU
		{ED9C60DD-6DB0-411D-983B-917DB862A7AE}.Ad-Hoc|x86.ActiveCfg = Release|Any CPU
		{ED9C60DD-6DB0-411D-983B-917DB862A7AE}.Ad-Hoc|x86.Build.0 = Release|Any CPU
		{ED9C60DD-6DB0-411D-983B-917DB862A7AE}.Ad-Hoc|x86.Deploy.0 = Release|Any CPU
		{ED9C60DD-6DB0-411D-983B-917DB862A7AE}.AppStore|Any CPU.ActiveCfg = Release|Any CPU
		{ED9C60DD-6DB0-411D-983B-917DB862A7AE}.AppStore|Any CPU.Build.0 = Release|Any CPU
		{ED9C60DD-6DB0-411D-983B-917DB862A7AE}.AppStore|Any CPU.Deploy.0 = Release|Any CPU
		{ED9C60DD-6DB0-411D-983B-917DB862A7AE}.AppStore|ARM.ActiveCfg = Release|Any CPU
		{ED9C60DD-6DB0-411D-983B-917DB862A7AE}.AppStore|ARM.Build.0 = Release|Any CPU
		{ED9C60DD-6DB0-411D-983B-917DB862A7AE}.AppStore|ARM.Deploy.0 = Release|Any CPU
		{ED9C60DD-6DB0-411D-983B-917DB862A7AE}.AppStore|iPhone.ActiveCfg = Release|Any CPU
		{ED9C60DD-6DB0-411D-983B-917DB862A7AE}.AppStore|iPhone.Build.0 = Release|Any CPU
		{ED9C60DD-6DB0-411D-983B-917DB862A7AE}.AppStore|iPhone.Deploy.0 = Release|Any CPU
		{ED9C60DD-6DB0-411D-983B-917DB862A7AE}.AppStore|iPhoneSimulator.ActiveCfg = Release|Any CPU
		{ED9C60DD-6DB0-411D-983B-917DB862A7AE}.AppStore|iPhoneSimulator.Build.0 = Release|Any CPU
		{ED9C60DD-6DB0-411D-983B-917DB862A7AE}.AppStore|iPhoneSimulator.Deploy.0 = Release|Any CPU
		{ED9C60DD-6DB0-411D-983B-917DB862A7AE}.AppStore|x64.ActiveCfg = Release|Any CPU
		{ED9C60DD-6DB0-411D-983B-917DB862A7AE}.AppStore|x64.Build.0 = Release|Any CPU
		{ED9C60DD-6DB0-411D-983B-917DB862A7AE}.AppStore|x64.Deploy.0 = Release|Any CPU
		{ED9C60DD-6DB0-411D-983B-917DB862A7AE}.AppStore|x86.ActiveCfg = Release|Any CPU
		{ED9C60DD-6DB0-411D-983B-917DB862A7AE}.AppStore|x86.Build.0 = Release|Any CPU
		{ED9C60DD-6DB0-411D-983B-917DB862A7AE}.AppStore|x86.Deploy.0 = Release|Any CPU
		{ED9C60DD-6DB0-411D-983B-917DB862A7AE}.Debug|Any CPU.ActiveCfg = Debug|Any CPU
		{ED9C60DD-6DB0-411D-983B-917DB862A7AE}.Debug|Any CPU.Build.0 = Debug|Any CPU
		{ED9C60DD-6DB0-411D-983B-917DB862A7AE}.Debug|Any CPU.Deploy.0 = Debug|Any CPU
		{ED9C60DD-6DB0-411D-983B-917DB862A7AE}.Debug|ARM.ActiveCfg = Debug|Any CPU
		{ED9C60DD-6DB0-411D-983B-917DB862A7AE}.Debug|ARM.Build.0 = Debug|Any CPU
		{ED9C60DD-6DB0-411D-983B-917DB862A7AE}.Debug|ARM.Deploy.0 = Debug|Any CPU
		{ED9C60DD-6DB0-411D-983B-917DB862A7AE}.Debug|iPhone.ActiveCfg = Debug|Any CPU
		{ED9C60DD-6DB0-411D-983B-917DB862A7AE}.Debug|iPhone.Build.0 = Debug|Any CPU
		{ED9C60DD-6DB0-411D-983B-917DB862A7AE}.Debug|iPhone.Deploy.0 = Debug|Any CPU
		{ED9C60DD-6DB0-411D-983B-917DB862A7AE}.Debug|iPhoneSimulator.ActiveCfg = Debug|Any CPU
		{ED9C60DD-6DB0-411D-983B-917DB862A7AE}.Debug|iPhoneSimulator.Build.0 = Debug|Any CPU
		{ED9C60DD-6DB0-411D-983B-917DB862A7AE}.Debug|iPhoneSimulator.Deploy.0 = Debug|Any CPU
		{ED9C60DD-6DB0-411D-983B-917DB862A7AE}.Debug|x64.ActiveCfg = Debug|Any CPU
		{ED9C60DD-6DB0-411D-983B-917DB862A7AE}.Debug|x64.Build.0 = Debug|Any CPU
		{ED9C60DD-6DB0-411D-983B-917DB862A7AE}.Debug|x64.Deploy.0 = Debug|Any CPU
		{ED9C60DD-6DB0-411D-983B-917DB862A7AE}.Debug|x86.ActiveCfg = Debug|Any CPU
		{ED9C60DD-6DB0-411D-983B-917DB862A7AE}.Debug|x86.Build.0 = Debug|Any CPU
		{ED9C60DD-6DB0-411D-983B-917DB862A7AE}.Debug|x86.Deploy.0 = Debug|Any CPU
		{ED9C60DD-6DB0-411D-983B-917DB862A7AE}.Release|Any CPU.ActiveCfg = Release|Any CPU
		{ED9C60DD-6DB0-411D-983B-917DB862A7AE}.Release|Any CPU.Build.0 = Release|Any CPU
		{ED9C60DD-6DB0-411D-983B-917DB862A7AE}.Release|Any CPU.Deploy.0 = Release|Any CPU
		{ED9C60DD-6DB0-411D-983B-917DB862A7AE}.Release|ARM.ActiveCfg = Release|Any CPU
		{ED9C60DD-6DB0-411D-983B-917DB862A7AE}.Release|ARM.Build.0 = Release|Any CPU
		{ED9C60DD-6DB0-411D-983B-917DB862A7AE}.Release|ARM.Deploy.0 = Release|Any CPU
		{ED9C60DD-6DB0-411D-983B-917DB862A7AE}.Release|iPhone.ActiveCfg = Release|Any CPU
		{ED9C60DD-6DB0-411D-983B-917DB862A7AE}.Release|iPhone.Build.0 = Release|Any CPU
		{ED9C60DD-6DB0-411D-983B-917DB862A7AE}.Release|iPhone.Deploy.0 = Release|Any CPU
		{ED9C60DD-6DB0-411D-983B-917DB862A7AE}.Release|iPhoneSimulator.ActiveCfg = Release|Any CPU
		{ED9C60DD-6DB0-411D-983B-917DB862A7AE}.Release|iPhoneSimulator.Build.0 = Release|Any CPU
		{ED9C60DD-6DB0-411D-983B-917DB862A7AE}.Release|iPhoneSimulator.Deploy.0 = Release|Any CPU
		{ED9C60DD-6DB0-411D-983B-917DB862A7AE}.Release|x64.ActiveCfg = Release|Any CPU
		{ED9C60DD-6DB0-411D-983B-917DB862A7AE}.Release|x64.Build.0 = Release|Any CPU
		{ED9C60DD-6DB0-411D-983B-917DB862A7AE}.Release|x64.Deploy.0 = Release|Any CPU
		{ED9C60DD-6DB0-411D-983B-917DB862A7AE}.Release|x86.ActiveCfg = Release|Any CPU
		{ED9C60DD-6DB0-411D-983B-917DB862A7AE}.Release|x86.Build.0 = Release|Any CPU
		{ED9C60DD-6DB0-411D-983B-917DB862A7AE}.Release|x86.Deploy.0 = Release|Any CPU
		{57B177ED-BA10-4772-91FC-0FC89552F72A}.Ad-Hoc|Any CPU.ActiveCfg = Ad-Hoc|iPhone
		{57B177ED-BA10-4772-91FC-0FC89552F72A}.Ad-Hoc|ARM.ActiveCfg = Ad-Hoc|iPhone
		{57B177ED-BA10-4772-91FC-0FC89552F72A}.Ad-Hoc|iPhone.ActiveCfg = Ad-Hoc|iPhone
		{57B177ED-BA10-4772-91FC-0FC89552F72A}.Ad-Hoc|iPhone.Build.0 = Ad-Hoc|iPhone
		{57B177ED-BA10-4772-91FC-0FC89552F72A}.Ad-Hoc|iPhoneSimulator.ActiveCfg = Ad-Hoc|iPhoneSimulator
		{57B177ED-BA10-4772-91FC-0FC89552F72A}.Ad-Hoc|iPhoneSimulator.Build.0 = Ad-Hoc|iPhoneSimulator
		{57B177ED-BA10-4772-91FC-0FC89552F72A}.Ad-Hoc|x64.ActiveCfg = Ad-Hoc|iPhone
		{57B177ED-BA10-4772-91FC-0FC89552F72A}.Ad-Hoc|x86.ActiveCfg = Ad-Hoc|iPhone
		{57B177ED-BA10-4772-91FC-0FC89552F72A}.AppStore|Any CPU.ActiveCfg = AppStore|iPhone
		{57B177ED-BA10-4772-91FC-0FC89552F72A}.AppStore|ARM.ActiveCfg = AppStore|iPhone
		{57B177ED-BA10-4772-91FC-0FC89552F72A}.AppStore|iPhone.ActiveCfg = AppStore|iPhone
		{57B177ED-BA10-4772-91FC-0FC89552F72A}.AppStore|iPhone.Build.0 = AppStore|iPhone
		{57B177ED-BA10-4772-91FC-0FC89552F72A}.AppStore|iPhoneSimulator.ActiveCfg = AppStore|iPhoneSimulator
		{57B177ED-BA10-4772-91FC-0FC89552F72A}.AppStore|iPhoneSimulator.Build.0 = AppStore|iPhoneSimulator
		{57B177ED-BA10-4772-91FC-0FC89552F72A}.AppStore|x64.ActiveCfg = AppStore|iPhone
		{57B177ED-BA10-4772-91FC-0FC89552F72A}.AppStore|x86.ActiveCfg = AppStore|iPhone
		{57B177ED-BA10-4772-91FC-0FC89552F72A}.Debug|Any CPU.ActiveCfg = Debug|iPhone
		{57B177ED-BA10-4772-91FC-0FC89552F72A}.Debug|ARM.ActiveCfg = Debug|iPhone
		{57B177ED-BA10-4772-91FC-0FC89552F72A}.Debug|iPhone.ActiveCfg = Debug|iPhone
		{57B177ED-BA10-4772-91FC-0FC89552F72A}.Debug|iPhone.Build.0 = Debug|iPhone
		{57B177ED-BA10-4772-91FC-0FC89552F72A}.Debug|iPhoneSimulator.ActiveCfg = Debug|iPhoneSimulator
		{57B177ED-BA10-4772-91FC-0FC89552F72A}.Debug|iPhoneSimulator.Build.0 = Debug|iPhoneSimulator
		{57B177ED-BA10-4772-91FC-0FC89552F72A}.Debug|x64.ActiveCfg = Debug|iPhone
		{57B177ED-BA10-4772-91FC-0FC89552F72A}.Debug|x86.ActiveCfg = Debug|iPhone
		{57B177ED-BA10-4772-91FC-0FC89552F72A}.Release|Any CPU.ActiveCfg = Release|iPhone
		{57B177ED-BA10-4772-91FC-0FC89552F72A}.Release|ARM.ActiveCfg = Release|iPhone
		{57B177ED-BA10-4772-91FC-0FC89552F72A}.Release|iPhone.ActiveCfg = Release|iPhone
		{57B177ED-BA10-4772-91FC-0FC89552F72A}.Release|iPhone.Build.0 = Release|iPhone
		{57B177ED-BA10-4772-91FC-0FC89552F72A}.Release|iPhoneSimulator.ActiveCfg = Release|iPhoneSimulator
		{57B177ED-BA10-4772-91FC-0FC89552F72A}.Release|iPhoneSimulator.Build.0 = Release|iPhoneSimulator
		{57B177ED-BA10-4772-91FC-0FC89552F72A}.Release|x64.ActiveCfg = Release|iPhone
		{57B177ED-BA10-4772-91FC-0FC89552F72A}.Release|x86.ActiveCfg = Release|iPhone
		{B44F990B-2048-4A25-B7F6-40181EB59135}.Ad-Hoc|Any CPU.ActiveCfg = Release|Any CPU
		{B44F990B-2048-4A25-B7F6-40181EB59135}.Ad-Hoc|Any CPU.Build.0 = Release|Any CPU
		{B44F990B-2048-4A25-B7F6-40181EB59135}.Ad-Hoc|Any CPU.Deploy.0 = Release|Any CPU
		{B44F990B-2048-4A25-B7F6-40181EB59135}.Ad-Hoc|ARM.ActiveCfg = Release|ARM
		{B44F990B-2048-4A25-B7F6-40181EB59135}.Ad-Hoc|ARM.Build.0 = Release|ARM
		{B44F990B-2048-4A25-B7F6-40181EB59135}.Ad-Hoc|ARM.Deploy.0 = Release|ARM
		{B44F990B-2048-4A25-B7F6-40181EB59135}.Ad-Hoc|iPhone.ActiveCfg = Release|Any CPU
		{B44F990B-2048-4A25-B7F6-40181EB59135}.Ad-Hoc|iPhone.Build.0 = Release|Any CPU
		{B44F990B-2048-4A25-B7F6-40181EB59135}.Ad-Hoc|iPhone.Deploy.0 = Release|Any CPU
		{B44F990B-2048-4A25-B7F6-40181EB59135}.Ad-Hoc|iPhoneSimulator.ActiveCfg = Release|Any CPU
		{B44F990B-2048-4A25-B7F6-40181EB59135}.Ad-Hoc|iPhoneSimulator.Build.0 = Release|Any CPU
		{B44F990B-2048-4A25-B7F6-40181EB59135}.Ad-Hoc|iPhoneSimulator.Deploy.0 = Release|Any CPU
		{B44F990B-2048-4A25-B7F6-40181EB59135}.Ad-Hoc|x64.ActiveCfg = Release|Any CPU
		{B44F990B-2048-4A25-B7F6-40181EB59135}.Ad-Hoc|x64.Build.0 = Release|Any CPU
		{B44F990B-2048-4A25-B7F6-40181EB59135}.Ad-Hoc|x64.Deploy.0 = Release|Any CPU
		{B44F990B-2048-4A25-B7F6-40181EB59135}.Ad-Hoc|x86.ActiveCfg = Release|x86
		{B44F990B-2048-4A25-B7F6-40181EB59135}.Ad-Hoc|x86.Build.0 = Release|x86
		{B44F990B-2048-4A25-B7F6-40181EB59135}.Ad-Hoc|x86.Deploy.0 = Release|x86
		{B44F990B-2048-4A25-B7F6-40181EB59135}.AppStore|Any CPU.ActiveCfg = Release|Any CPU
		{B44F990B-2048-4A25-B7F6-40181EB59135}.AppStore|Any CPU.Build.0 = Release|Any CPU
		{B44F990B-2048-4A25-B7F6-40181EB59135}.AppStore|Any CPU.Deploy.0 = Release|Any CPU
		{B44F990B-2048-4A25-B7F6-40181EB59135}.AppStore|ARM.ActiveCfg = Release|ARM
		{B44F990B-2048-4A25-B7F6-40181EB59135}.AppStore|ARM.Build.0 = Release|ARM
		{B44F990B-2048-4A25-B7F6-40181EB59135}.AppStore|ARM.Deploy.0 = Release|ARM
		{B44F990B-2048-4A25-B7F6-40181EB59135}.AppStore|iPhone.ActiveCfg = Release|Any CPU
		{B44F990B-2048-4A25-B7F6-40181EB59135}.AppStore|iPhone.Build.0 = Release|Any CPU
		{B44F990B-2048-4A25-B7F6-40181EB59135}.AppStore|iPhone.Deploy.0 = Release|Any CPU
		{B44F990B-2048-4A25-B7F6-40181EB59135}.AppStore|iPhoneSimulator.ActiveCfg = Release|Any CPU
		{B44F990B-2048-4A25-B7F6-40181EB59135}.AppStore|iPhoneSimulator.Build.0 = Release|Any CPU
		{B44F990B-2048-4A25-B7F6-40181EB59135}.AppStore|iPhoneSimulator.Deploy.0 = Release|Any CPU
		{B44F990B-2048-4A25-B7F6-40181EB59135}.AppStore|x64.ActiveCfg = Release|Any CPU
		{B44F990B-2048-4A25-B7F6-40181EB59135}.AppStore|x64.Build.0 = Release|Any CPU
		{B44F990B-2048-4A25-B7F6-40181EB59135}.AppStore|x64.Deploy.0 = Release|Any CPU
		{B44F990B-2048-4A25-B7F6-40181EB59135}.AppStore|x86.ActiveCfg = Release|x86
		{B44F990B-2048-4A25-B7F6-40181EB59135}.AppStore|x86.Build.0 = Release|x86
		{B44F990B-2048-4A25-B7F6-40181EB59135}.AppStore|x86.Deploy.0 = Release|x86
		{B44F990B-2048-4A25-B7F6-40181EB59135}.Debug|Any CPU.ActiveCfg = Debug|Any CPU
		{B44F990B-2048-4A25-B7F6-40181EB59135}.Debug|Any CPU.Build.0 = Debug|Any CPU
		{B44F990B-2048-4A25-B7F6-40181EB59135}.Debug|Any CPU.Deploy.0 = Debug|Any CPU
		{B44F990B-2048-4A25-B7F6-40181EB59135}.Debug|ARM.ActiveCfg = Debug|ARM
		{B44F990B-2048-4A25-B7F6-40181EB59135}.Debug|ARM.Build.0 = Debug|ARM
		{B44F990B-2048-4A25-B7F6-40181EB59135}.Debug|ARM.Deploy.0 = Debug|ARM
		{B44F990B-2048-4A25-B7F6-40181EB59135}.Debug|iPhone.ActiveCfg = Debug|Any CPU
		{B44F990B-2048-4A25-B7F6-40181EB59135}.Debug|iPhone.Build.0 = Debug|Any CPU
		{B44F990B-2048-4A25-B7F6-40181EB59135}.Debug|iPhone.Deploy.0 = Debug|Any CPU
		{B44F990B-2048-4A25-B7F6-40181EB59135}.Debug|iPhoneSimulator.ActiveCfg = Debug|Any CPU
		{B44F990B-2048-4A25-B7F6-40181EB59135}.Debug|iPhoneSimulator.Build.0 = Debug|Any CPU
		{B44F990B-2048-4A25-B7F6-40181EB59135}.Debug|iPhoneSimulator.Deploy.0 = Debug|Any CPU
		{B44F990B-2048-4A25-B7F6-40181EB59135}.Debug|x64.ActiveCfg = Debug|Any CPU
		{B44F990B-2048-4A25-B7F6-40181EB59135}.Debug|x64.Build.0 = Debug|Any CPU
		{B44F990B-2048-4A25-B7F6-40181EB59135}.Debug|x64.Deploy.0 = Debug|Any CPU
		{B44F990B-2048-4A25-B7F6-40181EB59135}.Debug|x86.ActiveCfg = Debug|x86
		{B44F990B-2048-4A25-B7F6-40181EB59135}.Debug|x86.Build.0 = Debug|x86
		{B44F990B-2048-4A25-B7F6-40181EB59135}.Debug|x86.Deploy.0 = Debug|x86
		{B44F990B-2048-4A25-B7F6-40181EB59135}.Release|Any CPU.ActiveCfg = Release|Any CPU
		{B44F990B-2048-4A25-B7F6-40181EB59135}.Release|Any CPU.Build.0 = Release|Any CPU
		{B44F990B-2048-4A25-B7F6-40181EB59135}.Release|Any CPU.Deploy.0 = Release|Any CPU
		{B44F990B-2048-4A25-B7F6-40181EB59135}.Release|ARM.ActiveCfg = Release|ARM
		{B44F990B-2048-4A25-B7F6-40181EB59135}.Release|ARM.Build.0 = Release|ARM
		{B44F990B-2048-4A25-B7F6-40181EB59135}.Release|ARM.Deploy.0 = Release|ARM
		{B44F990B-2048-4A25-B7F6-40181EB59135}.Release|iPhone.ActiveCfg = Release|Any CPU
		{B44F990B-2048-4A25-B7F6-40181EB59135}.Release|iPhone.Build.0 = Release|Any CPU
		{B44F990B-2048-4A25-B7F6-40181EB59135}.Release|iPhone.Deploy.0 = Release|Any CPU
		{B44F990B-2048-4A25-B7F6-40181EB59135}.Release|iPhoneSimulator.ActiveCfg = Release|Any CPU
		{B44F990B-2048-4A25-B7F6-40181EB59135}.Release|iPhoneSimulator.Build.0 = Release|Any CPU
		{B44F990B-2048-4A25-B7F6-40181EB59135}.Release|iPhoneSimulator.Deploy.0 = Release|Any CPU
		{B44F990B-2048-4A25-B7F6-40181EB59135}.Release|x64.ActiveCfg = Release|Any CPU
		{B44F990B-2048-4A25-B7F6-40181EB59135}.Release|x64.Build.0 = Release|Any CPU
		{B44F990B-2048-4A25-B7F6-40181EB59135}.Release|x64.Deploy.0 = Release|Any CPU
		{B44F990B-2048-4A25-B7F6-40181EB59135}.Release|x86.ActiveCfg = Release|x86
		{B44F990B-2048-4A25-B7F6-40181EB59135}.Release|x86.Build.0 = Release|x86
		{B44F990B-2048-4A25-B7F6-40181EB59135}.Release|x86.Deploy.0 = Release|x86
		{4B2E933E-C94F-4BDF-A4E7-8AD986C98D57}.Ad-Hoc|Any CPU.ActiveCfg = Release|x86
		{4B2E933E-C94F-4BDF-A4E7-8AD986C98D57}.Ad-Hoc|Any CPU.Build.0 = Release|x86
		{4B2E933E-C94F-4BDF-A4E7-8AD986C98D57}.Ad-Hoc|Any CPU.Deploy.0 = Release|x86
		{4B2E933E-C94F-4BDF-A4E7-8AD986C98D57}.Ad-Hoc|ARM.ActiveCfg = Release|ARM
		{4B2E933E-C94F-4BDF-A4E7-8AD986C98D57}.Ad-Hoc|ARM.Build.0 = Release|ARM
		{4B2E933E-C94F-4BDF-A4E7-8AD986C98D57}.Ad-Hoc|ARM.Deploy.0 = Release|ARM
		{4B2E933E-C94F-4BDF-A4E7-8AD986C98D57}.Ad-Hoc|iPhone.ActiveCfg = Release|x86
		{4B2E933E-C94F-4BDF-A4E7-8AD986C98D57}.Ad-Hoc|iPhone.Build.0 = Release|x86
		{4B2E933E-C94F-4BDF-A4E7-8AD986C98D57}.Ad-Hoc|iPhone.Deploy.0 = Release|x86
		{4B2E933E-C94F-4BDF-A4E7-8AD986C98D57}.Ad-Hoc|iPhoneSimulator.ActiveCfg = Release|x86
		{4B2E933E-C94F-4BDF-A4E7-8AD986C98D57}.Ad-Hoc|iPhoneSimulator.Build.0 = Release|x86
		{4B2E933E-C94F-4BDF-A4E7-8AD986C98D57}.Ad-Hoc|iPhoneSimulator.Deploy.0 = Release|x86
		{4B2E933E-C94F-4BDF-A4E7-8AD986C98D57}.Ad-Hoc|x64.ActiveCfg = Release|x64
		{4B2E933E-C94F-4BDF-A4E7-8AD986C98D57}.Ad-Hoc|x64.Build.0 = Release|x64
		{4B2E933E-C94F-4BDF-A4E7-8AD986C98D57}.Ad-Hoc|x64.Deploy.0 = Release|x64
		{4B2E933E-C94F-4BDF-A4E7-8AD986C98D57}.Ad-Hoc|x86.ActiveCfg = Release|x86
		{4B2E933E-C94F-4BDF-A4E7-8AD986C98D57}.Ad-Hoc|x86.Build.0 = Release|x86
		{4B2E933E-C94F-4BDF-A4E7-8AD986C98D57}.Ad-Hoc|x86.Deploy.0 = Release|x86
		{4B2E933E-C94F-4BDF-A4E7-8AD986C98D57}.AppStore|Any CPU.ActiveCfg = Release|x86
		{4B2E933E-C94F-4BDF-A4E7-8AD986C98D57}.AppStore|Any CPU.Build.0 = Release|x86
		{4B2E933E-C94F-4BDF-A4E7-8AD986C98D57}.AppStore|Any CPU.Deploy.0 = Release|x86
		{4B2E933E-C94F-4BDF-A4E7-8AD986C98D57}.AppStore|ARM.ActiveCfg = Release|ARM
		{4B2E933E-C94F-4BDF-A4E7-8AD986C98D57}.AppStore|ARM.Build.0 = Release|ARM
		{4B2E933E-C94F-4BDF-A4E7-8AD986C98D57}.AppStore|ARM.Deploy.0 = Release|ARM
		{4B2E933E-C94F-4BDF-A4E7-8AD986C98D57}.AppStore|iPhone.ActiveCfg = Release|x86
		{4B2E933E-C94F-4BDF-A4E7-8AD986C98D57}.AppStore|iPhone.Build.0 = Release|x86
		{4B2E933E-C94F-4BDF-A4E7-8AD986C98D57}.AppStore|iPhone.Deploy.0 = Release|x86
		{4B2E933E-C94F-4BDF-A4E7-8AD986C98D57}.AppStore|iPhoneSimulator.ActiveCfg = Release|x86
		{4B2E933E-C94F-4BDF-A4E7-8AD986C98D57}.AppStore|iPhoneSimulator.Build.0 = Release|x86
		{4B2E933E-C94F-4BDF-A4E7-8AD986C98D57}.AppStore|iPhoneSimulator.Deploy.0 = Release|x86
		{4B2E933E-C94F-4BDF-A4E7-8AD986C98D57}.AppStore|x64.ActiveCfg = Release|x64
		{4B2E933E-C94F-4BDF-A4E7-8AD986C98D57}.AppStore|x64.Build.0 = Release|x64
		{4B2E933E-C94F-4BDF-A4E7-8AD986C98D57}.AppStore|x64.Deploy.0 = Release|x64
		{4B2E933E-C94F-4BDF-A4E7-8AD986C98D57}.AppStore|x86.ActiveCfg = Release|x86
		{4B2E933E-C94F-4BDF-A4E7-8AD986C98D57}.AppStore|x86.Build.0 = Release|x86
		{4B2E933E-C94F-4BDF-A4E7-8AD986C98D57}.AppStore|x86.Deploy.0 = Release|x86
		{4B2E933E-C94F-4BDF-A4E7-8AD986C98D57}.Debug|Any CPU.ActiveCfg = Debug|x86
		{4B2E933E-C94F-4BDF-A4E7-8AD986C98D57}.Debug|ARM.ActiveCfg = Debug|ARM
		{4B2E933E-C94F-4BDF-A4E7-8AD986C98D57}.Debug|ARM.Build.0 = Debug|ARM
		{4B2E933E-C94F-4BDF-A4E7-8AD986C98D57}.Debug|ARM.Deploy.0 = Debug|ARM
		{4B2E933E-C94F-4BDF-A4E7-8AD986C98D57}.Debug|iPhone.ActiveCfg = Debug|x86
		{4B2E933E-C94F-4BDF-A4E7-8AD986C98D57}.Debug|iPhoneSimulator.ActiveCfg = Debug|x86
		{4B2E933E-C94F-4BDF-A4E7-8AD986C98D57}.Debug|x64.ActiveCfg = Debug|x64
		{4B2E933E-C94F-4BDF-A4E7-8AD986C98D57}.Debug|x64.Build.0 = Debug|x64
		{4B2E933E-C94F-4BDF-A4E7-8AD986C98D57}.Debug|x64.Deploy.0 = Debug|x64
		{4B2E933E-C94F-4BDF-A4E7-8AD986C98D57}.Debug|x86.ActiveCfg = Debug|x86
		{4B2E933E-C94F-4BDF-A4E7-8AD986C98D57}.Debug|x86.Build.0 = Debug|x86
		{4B2E933E-C94F-4BDF-A4E7-8AD986C98D57}.Debug|x86.Deploy.0 = Debug|x86
		{4B2E933E-C94F-4BDF-A4E7-8AD986C98D57}.Release|Any CPU.ActiveCfg = Release|x86
		{4B2E933E-C94F-4BDF-A4E7-8AD986C98D57}.Release|ARM.ActiveCfg = Release|ARM
		{4B2E933E-C94F-4BDF-A4E7-8AD986C98D57}.Release|ARM.Build.0 = Release|ARM
		{4B2E933E-C94F-4BDF-A4E7-8AD986C98D57}.Release|ARM.Deploy.0 = Release|ARM
		{4B2E933E-C94F-4BDF-A4E7-8AD986C98D57}.Release|iPhone.ActiveCfg = Release|x86
		{4B2E933E-C94F-4BDF-A4E7-8AD986C98D57}.Release|iPhoneSimulator.ActiveCfg = Release|x86
		{4B2E933E-C94F-4BDF-A4E7-8AD986C98D57}.Release|x64.ActiveCfg = Release|x64
		{4B2E933E-C94F-4BDF-A4E7-8AD986C98D57}.Release|x64.Build.0 = Release|x64
		{4B2E933E-C94F-4BDF-A4E7-8AD986C98D57}.Release|x64.Deploy.0 = Release|x64
		{4B2E933E-C94F-4BDF-A4E7-8AD986C98D57}.Release|x86.ActiveCfg = Release|x86
		{4B2E933E-C94F-4BDF-A4E7-8AD986C98D57}.Release|x86.Build.0 = Release|x86
		{4B2E933E-C94F-4BDF-A4E7-8AD986C98D57}.Release|x86.Deploy.0 = Release|x86
		{BFD8666F-E9FF-4BE9-888A-5F719A1E4C0A}.Ad-Hoc|Any CPU.ActiveCfg = Release|Any CPU
		{BFD8666F-E9FF-4BE9-888A-5F719A1E4C0A}.Ad-Hoc|Any CPU.Build.0 = Release|Any CPU
		{BFD8666F-E9FF-4BE9-888A-5F719A1E4C0A}.Ad-Hoc|Any CPU.Deploy.0 = Release|Any CPU
		{BFD8666F-E9FF-4BE9-888A-5F719A1E4C0A}.Ad-Hoc|ARM.ActiveCfg = Release|ARM
		{BFD8666F-E9FF-4BE9-888A-5F719A1E4C0A}.Ad-Hoc|ARM.Build.0 = Release|ARM
		{BFD8666F-E9FF-4BE9-888A-5F719A1E4C0A}.Ad-Hoc|ARM.Deploy.0 = Release|ARM
		{BFD8666F-E9FF-4BE9-888A-5F719A1E4C0A}.Ad-Hoc|iPhone.ActiveCfg = Release|Any CPU
		{BFD8666F-E9FF-4BE9-888A-5F719A1E4C0A}.Ad-Hoc|iPhone.Build.0 = Release|Any CPU
		{BFD8666F-E9FF-4BE9-888A-5F719A1E4C0A}.Ad-Hoc|iPhone.Deploy.0 = Release|Any CPU
		{BFD8666F-E9FF-4BE9-888A-5F719A1E4C0A}.Ad-Hoc|iPhoneSimulator.ActiveCfg = Release|Any CPU
		{BFD8666F-E9FF-4BE9-888A-5F719A1E4C0A}.Ad-Hoc|iPhoneSimulator.Build.0 = Release|Any CPU
		{BFD8666F-E9FF-4BE9-888A-5F719A1E4C0A}.Ad-Hoc|iPhoneSimulator.Deploy.0 = Release|Any CPU
		{BFD8666F-E9FF-4BE9-888A-5F719A1E4C0A}.Ad-Hoc|x64.ActiveCfg = Release|x64
		{BFD8666F-E9FF-4BE9-888A-5F719A1E4C0A}.Ad-Hoc|x64.Build.0 = Release|x64
		{BFD8666F-E9FF-4BE9-888A-5F719A1E4C0A}.Ad-Hoc|x64.Deploy.0 = Release|x64
		{BFD8666F-E9FF-4BE9-888A-5F719A1E4C0A}.Ad-Hoc|x86.ActiveCfg = Release|x86
		{BFD8666F-E9FF-4BE9-888A-5F719A1E4C0A}.Ad-Hoc|x86.Build.0 = Release|x86
		{BFD8666F-E9FF-4BE9-888A-5F719A1E4C0A}.Ad-Hoc|x86.Deploy.0 = Release|x86
		{BFD8666F-E9FF-4BE9-888A-5F719A1E4C0A}.AppStore|Any CPU.ActiveCfg = Release|Any CPU
		{BFD8666F-E9FF-4BE9-888A-5F719A1E4C0A}.AppStore|Any CPU.Build.0 = Release|Any CPU
		{BFD8666F-E9FF-4BE9-888A-5F719A1E4C0A}.AppStore|Any CPU.Deploy.0 = Release|Any CPU
		{BFD8666F-E9FF-4BE9-888A-5F719A1E4C0A}.AppStore|ARM.ActiveCfg = Release|ARM
		{BFD8666F-E9FF-4BE9-888A-5F719A1E4C0A}.AppStore|ARM.Build.0 = Release|ARM
		{BFD8666F-E9FF-4BE9-888A-5F719A1E4C0A}.AppStore|ARM.Deploy.0 = Release|ARM
		{BFD8666F-E9FF-4BE9-888A-5F719A1E4C0A}.AppStore|iPhone.ActiveCfg = Release|Any CPU
		{BFD8666F-E9FF-4BE9-888A-5F719A1E4C0A}.AppStore|iPhone.Build.0 = Release|Any CPU
		{BFD8666F-E9FF-4BE9-888A-5F719A1E4C0A}.AppStore|iPhone.Deploy.0 = Release|Any CPU
		{BFD8666F-E9FF-4BE9-888A-5F719A1E4C0A}.AppStore|iPhoneSimulator.ActiveCfg = Release|Any CPU
		{BFD8666F-E9FF-4BE9-888A-5F719A1E4C0A}.AppStore|iPhoneSimulator.Build.0 = Release|Any CPU
		{BFD8666F-E9FF-4BE9-888A-5F719A1E4C0A}.AppStore|iPhoneSimulator.Deploy.0 = Release|Any CPU
		{BFD8666F-E9FF-4BE9-888A-5F719A1E4C0A}.AppStore|x64.ActiveCfg = Release|x64
		{BFD8666F-E9FF-4BE9-888A-5F719A1E4C0A}.AppStore|x64.Build.0 = Release|x64
		{BFD8666F-E9FF-4BE9-888A-5F719A1E4C0A}.AppStore|x64.Deploy.0 = Release|x64
		{BFD8666F-E9FF-4BE9-888A-5F719A1E4C0A}.AppStore|x86.ActiveCfg = Release|x86
		{BFD8666F-E9FF-4BE9-888A-5F719A1E4C0A}.AppStore|x86.Build.0 = Release|x86
		{BFD8666F-E9FF-4BE9-888A-5F719A1E4C0A}.AppStore|x86.Deploy.0 = Release|x86
		{BFD8666F-E9FF-4BE9-888A-5F719A1E4C0A}.Debug|Any CPU.ActiveCfg = Debug|Any CPU
		{BFD8666F-E9FF-4BE9-888A-5F719A1E4C0A}.Debug|Any CPU.Build.0 = Debug|Any CPU
		{BFD8666F-E9FF-4BE9-888A-5F719A1E4C0A}.Debug|Any CPU.Deploy.0 = Debug|Any CPU
		{BFD8666F-E9FF-4BE9-888A-5F719A1E4C0A}.Debug|ARM.ActiveCfg = Debug|ARM
		{BFD8666F-E9FF-4BE9-888A-5F719A1E4C0A}.Debug|ARM.Build.0 = Debug|ARM
		{BFD8666F-E9FF-4BE9-888A-5F719A1E4C0A}.Debug|ARM.Deploy.0 = Debug|ARM
		{BFD8666F-E9FF-4BE9-888A-5F719A1E4C0A}.Debug|iPhone.ActiveCfg = Debug|Any CPU
		{BFD8666F-E9FF-4BE9-888A-5F719A1E4C0A}.Debug|iPhone.Build.0 = Debug|Any CPU
		{BFD8666F-E9FF-4BE9-888A-5F719A1E4C0A}.Debug|iPhone.Deploy.0 = Debug|Any CPU
		{BFD8666F-E9FF-4BE9-888A-5F719A1E4C0A}.Debug|iPhoneSimulator.ActiveCfg = Debug|Any CPU
		{BFD8666F-E9FF-4BE9-888A-5F719A1E4C0A}.Debug|iPhoneSimulator.Build.0 = Debug|Any CPU
		{BFD8666F-E9FF-4BE9-888A-5F719A1E4C0A}.Debug|iPhoneSimulator.Deploy.0 = Debug|Any CPU
		{BFD8666F-E9FF-4BE9-888A-5F719A1E4C0A}.Debug|x64.ActiveCfg = Debug|x64
		{BFD8666F-E9FF-4BE9-888A-5F719A1E4C0A}.Debug|x64.Build.0 = Debug|x64
		{BFD8666F-E9FF-4BE9-888A-5F719A1E4C0A}.Debug|x64.Deploy.0 = Debug|x64
		{BFD8666F-E9FF-4BE9-888A-5F719A1E4C0A}.Debug|x86.ActiveCfg = Debug|x86
		{BFD8666F-E9FF-4BE9-888A-5F719A1E4C0A}.Debug|x86.Build.0 = Debug|x86
		{BFD8666F-E9FF-4BE9-888A-5F719A1E4C0A}.Debug|x86.Deploy.0 = Debug|x86
		{BFD8666F-E9FF-4BE9-888A-5F719A1E4C0A}.Release|Any CPU.ActiveCfg = Release|Any CPU
		{BFD8666F-E9FF-4BE9-888A-5F719A1E4C0A}.Release|Any CPU.Build.0 = Release|Any CPU
		{BFD8666F-E9FF-4BE9-888A-5F719A1E4C0A}.Release|Any CPU.Deploy.0 = Release|Any CPU
		{BFD8666F-E9FF-4BE9-888A-5F719A1E4C0A}.Release|ARM.ActiveCfg = Release|ARM
		{BFD8666F-E9FF-4BE9-888A-5F719A1E4C0A}.Release|ARM.Build.0 = Release|ARM
		{BFD8666F-E9FF-4BE9-888A-5F719A1E4C0A}.Release|ARM.Deploy.0 = Release|ARM
		{BFD8666F-E9FF-4BE9-888A-5F719A1E4C0A}.Release|iPhone.ActiveCfg = Release|Any CPU
		{BFD8666F-E9FF-4BE9-888A-5F719A1E4C0A}.Release|iPhone.Build.0 = Release|Any CPU
		{BFD8666F-E9FF-4BE9-888A-5F719A1E4C0A}.Release|iPhone.Deploy.0 = Release|Any CPU
		{BFD8666F-E9FF-4BE9-888A-5F719A1E4C0A}.Release|iPhoneSimulator.ActiveCfg = Release|Any CPU
		{BFD8666F-E9FF-4BE9-888A-5F719A1E4C0A}.Release|iPhoneSimulator.Build.0 = Release|Any CPU
		{BFD8666F-E9FF-4BE9-888A-5F719A1E4C0A}.Release|iPhoneSimulator.Deploy.0 = Release|Any CPU
		{BFD8666F-E9FF-4BE9-888A-5F719A1E4C0A}.Release|x64.ActiveCfg = Release|x64
		{BFD8666F-E9FF-4BE9-888A-5F719A1E4C0A}.Release|x64.Build.0 = Release|x64
		{BFD8666F-E9FF-4BE9-888A-5F719A1E4C0A}.Release|x64.Deploy.0 = Release|x64
		{BFD8666F-E9FF-4BE9-888A-5F719A1E4C0A}.Release|x86.ActiveCfg = Release|x86
		{BFD8666F-E9FF-4BE9-888A-5F719A1E4C0A}.Release|x86.Build.0 = Release|x86
		{BFD8666F-E9FF-4BE9-888A-5F719A1E4C0A}.Release|x86.Deploy.0 = Release|x86
		{41DAFA8F-18E9-4492-A11E-C8C58EAF4230}.Ad-Hoc|Any CPU.ActiveCfg = Release|Any CPU
		{41DAFA8F-18E9-4492-A11E-C8C58EAF4230}.Ad-Hoc|Any CPU.Build.0 = Release|Any CPU
		{41DAFA8F-18E9-4492-A11E-C8C58EAF4230}.Ad-Hoc|ARM.ActiveCfg = Release|Any CPU
		{41DAFA8F-18E9-4492-A11E-C8C58EAF4230}.Ad-Hoc|ARM.Build.0 = Release|Any CPU
		{41DAFA8F-18E9-4492-A11E-C8C58EAF4230}.Ad-Hoc|iPhone.ActiveCfg = Release|Any CPU
		{41DAFA8F-18E9-4492-A11E-C8C58EAF4230}.Ad-Hoc|iPhone.Build.0 = Release|Any CPU
		{41DAFA8F-18E9-4492-A11E-C8C58EAF4230}.Ad-Hoc|iPhoneSimulator.ActiveCfg = Release|Any CPU
		{41DAFA8F-18E9-4492-A11E-C8C58EAF4230}.Ad-Hoc|iPhoneSimulator.Build.0 = Release|Any CPU
		{41DAFA8F-18E9-4492-A11E-C8C58EAF4230}.Ad-Hoc|x64.ActiveCfg = Release|Any CPU
		{41DAFA8F-18E9-4492-A11E-C8C58EAF4230}.Ad-Hoc|x64.Build.0 = Release|Any CPU
		{41DAFA8F-18E9-4492-A11E-C8C58EAF4230}.Ad-Hoc|x86.ActiveCfg = Release|Any CPU
		{41DAFA8F-18E9-4492-A11E-C8C58EAF4230}.Ad-Hoc|x86.Build.0 = Release|Any CPU
		{41DAFA8F-18E9-4492-A11E-C8C58EAF4230}.AppStore|Any CPU.ActiveCfg = Release|Any CPU
		{41DAFA8F-18E9-4492-A11E-C8C58EAF4230}.AppStore|Any CPU.Build.0 = Release|Any CPU
		{41DAFA8F-18E9-4492-A11E-C8C58EAF4230}.AppStore|ARM.ActiveCfg = Release|Any CPU
		{41DAFA8F-18E9-4492-A11E-C8C58EAF4230}.AppStore|ARM.Build.0 = Release|Any CPU
		{41DAFA8F-18E9-4492-A11E-C8C58EAF4230}.AppStore|iPhone.ActiveCfg = Release|Any CPU
		{41DAFA8F-18E9-4492-A11E-C8C58EAF4230}.AppStore|iPhone.Build.0 = Release|Any CPU
		{41DAFA8F-18E9-4492-A11E-C8C58EAF4230}.AppStore|iPhoneSimulator.ActiveCfg = Release|Any CPU
		{41DAFA8F-18E9-4492-A11E-C8C58EAF4230}.AppStore|iPhoneSimulator.Build.0 = Release|Any CPU
		{41DAFA8F-18E9-4492-A11E-C8C58EAF4230}.AppStore|x64.ActiveCfg = Release|Any CPU
		{41DAFA8F-18E9-4492-A11E-C8C58EAF4230}.AppStore|x64.Build.0 = Release|Any CPU
		{41DAFA8F-18E9-4492-A11E-C8C58EAF4230}.AppStore|x86.ActiveCfg = Release|Any CPU
		{41DAFA8F-18E9-4492-A11E-C8C58EAF4230}.AppStore|x86.Build.0 = Release|Any CPU
		{41DAFA8F-18E9-4492-A11E-C8C58EAF4230}.Debug|Any CPU.ActiveCfg = Debug|Any CPU
		{41DAFA8F-18E9-4492-A11E-C8C58EAF4230}.Debug|Any CPU.Build.0 = Debug|Any CPU
		{41DAFA8F-18E9-4492-A11E-C8C58EAF4230}.Debug|ARM.ActiveCfg = Debug|Any CPU
		{41DAFA8F-18E9-4492-A11E-C8C58EAF4230}.Debug|ARM.Build.0 = Debug|Any CPU
		{41DAFA8F-18E9-4492-A11E-C8C58EAF4230}.Debug|iPhone.ActiveCfg = Debug|Any CPU
		{41DAFA8F-18E9-4492-A11E-C8C58EAF4230}.Debug|iPhone.Build.0 = Debug|Any CPU
		{41DAFA8F-18E9-4492-A11E-C8C58EAF4230}.Debug|iPhoneSimulator.ActiveCfg = Debug|Any CPU
		{41DAFA8F-18E9-4492-A11E-C8C58EAF4230}.Debug|iPhoneSimulator.Build.0 = Debug|Any CPU
		{41DAFA8F-18E9-4492-A11E-C8C58EAF4230}.Debug|x64.ActiveCfg = Debug|Any CPU
		{41DAFA8F-18E9-4492-A11E-C8C58EAF4230}.Debug|x64.Build.0 = Debug|Any CPU
		{41DAFA8F-18E9-4492-A11E-C8C58EAF4230}.Debug|x86.ActiveCfg = Debug|Any CPU
		{41DAFA8F-18E9-4492-A11E-C8C58EAF4230}.Debug|x86.Build.0 = Debug|Any CPU
		{41DAFA8F-18E9-4492-A11E-C8C58EAF4230}.Release|Any CPU.ActiveCfg = Release|Any CPU
		{41DAFA8F-18E9-4492-A11E-C8C58EAF4230}.Release|Any CPU.Build.0 = Release|Any CPU
		{41DAFA8F-18E9-4492-A11E-C8C58EAF4230}.Release|ARM.ActiveCfg = Release|Any CPU
		{41DAFA8F-18E9-4492-A11E-C8C58EAF4230}.Release|ARM.Build.0 = Release|Any CPU
		{41DAFA8F-18E9-4492-A11E-C8C58EAF4230}.Release|iPhone.ActiveCfg = Release|Any CPU
		{41DAFA8F-18E9-4492-A11E-C8C58EAF4230}.Release|iPhone.Build.0 = Release|Any CPU
		{41DAFA8F-18E9-4492-A11E-C8C58EAF4230}.Release|iPhoneSimulator.ActiveCfg = Release|Any CPU
		{41DAFA8F-18E9-4492-A11E-C8C58EAF4230}.Release|iPhoneSimulator.Build.0 = Release|Any CPU
		{41DAFA8F-18E9-4492-A11E-C8C58EAF4230}.Release|x64.ActiveCfg = Release|Any CPU
		{41DAFA8F-18E9-4492-A11E-C8C58EAF4230}.Release|x64.Build.0 = Release|Any CPU
		{41DAFA8F-18E9-4492-A11E-C8C58EAF4230}.Release|x86.ActiveCfg = Release|Any CPU
		{41DAFA8F-18E9-4492-A11E-C8C58EAF4230}.Release|x86.Build.0 = Release|Any CPU
	EndGlobalSection
	GlobalSection(SolutionProperties) = preSolution
		HideSolutionNode = FALSE
	EndGlobalSection
EndGlobal
